
Microsoft Visual Studio Solution File, Format Version 12.00
# Visual Studio Version 17
VisualStudioVersion = 17.0.32014.148
MinimumVisualStudioVersion = 10.0.40219.1
Project("{2150E333-8FDC-42A3-9474-1A3956D46DE8}") = "src", "src", "{78845AEC-EF21-490F-B766-D6C8D37FE0CD}"
EndProject
Project("{2150E333-8FDC-42A3-9474-1A3956D46DE8}") = "tests", "tests", "{5FCA6FEA-C332-4DC3-BBBE-F69C3F4DF18D}"
EndProject
Project("{2150E333-8FDC-42A3-9474-1A3956D46DE8}") = "Services", "Services", "{990DE0BD-1124-4C98-BC44-244772C0DE04}"
EndProject
Project("{2150E333-8FDC-42A3-9474-1A3956D46DE8}") = "ApiGateways", "ApiGateways", "{B4A5F4FF-8DDC-4CB4-9B03-7E416A84B4EF}"
EndProject
Project("{2150E333-8FDC-42A3-9474-1A3956D46DE8}") = "BuildingBlocks", "BuildingBlocks", "{8602AF23-65D3-4CF6-BFF9-A145102B0205}"
EndProject
Project("{2150E333-8FDC-42A3-9474-1A3956D46DE8}") = "EventBus", "EventBus", "{7E430390-3F08-4A87-AEB0-B98F68ECB411}"
EndProject
Project("{2150E333-8FDC-42A3-9474-1A3956D46DE8}") = "Enovy", "Enovy", "{8FB9F7B8-4C82-498C-A94D-E2C32BD66E01}"
EndProject
Project("{2150E333-8FDC-42A3-9474-1A3956D46DE8}") = "Sample", "Sample", "{32DC60CA-571C-405A-81CD-F77295E3E72F}"
	ProjectSection(SolutionItems) = preProject
		Readme.md = Readme.md
	EndProjectSection
EndProject
Project("{FAE04EC0-301F-11D3-BF4B-00C04F79EFBC}") = "Sample.Infrastructure", "Service\Sample\Sample.Infrastructure\Sample.Infrastructure.csproj", "{7ED0332C-AAF3-4ACF-A684-5E8672408E51}"
EndProject
Project("{FAE04EC0-301F-11D3-BF4B-00C04F79EFBC}") = "Sample.Application", "Service\Sample\Sample.Application\Sample.Application.csproj", "{485E63D4-5590-4EB4-9B6E-96EB02173C18}"
EndProject
Project("{FAE04EC0-301F-11D3-BF4B-00C04F79EFBC}") = "Sample.BackgroundTasks", "Service\Sample\Sample.BackgroundTasks\Sample.BackgroundTasks.csproj", "{38A63A03-C1AD-43B9-9624-C1B133731415}"
EndProject
Global
	GlobalSection(SolutionConfigurationPlatforms) = preSolution
		Debug|Any CPU = Debug|Any CPU
		Release|Any CPU = Release|Any CPU
	EndGlobalSection
	GlobalSection(ProjectConfigurationPlatforms) = postSolution
		{7ED0332C-AAF3-4ACF-A684-5E8672408E51}.Debug|Any CPU.ActiveCfg = Debug|Any CPU
		{7ED0332C-AAF3-4ACF-A684-5E8672408E51}.Debug|Any CPU.Build.0 = Debug|Any CPU
		{7ED0332C-AAF3-4ACF-A684-5E8672408E51}.Release|Any CPU.ActiveCfg = Release|Any CPU
		{7ED0332C-AAF3-4ACF-A684-5E8672408E51}.Release|Any CPU.Build.0 = Release|Any CPU
		{485E63D4-5590-4EB4-9B6E-96EB02173C18}.Debug|Any CPU.ActiveCfg = Debug|Any CPU
		{485E63D4-5590-4EB4-9B6E-96EB02173C18}.Debug|Any CPU.Build.0 = Debug|Any CPU
		{485E63D4-5590-4EB4-9B6E-96EB02173C18}.Release|Any CPU.ActiveCfg = Release|Any CPU
		{485E63D4-5590-4EB4-9B6E-96EB02173C18}.Release|Any CPU.Build.0 = Release|Any CPU
		{38A63A03-C1AD-43B9-9624-C1B133731415}.Debug|Any CPU.ActiveCfg = Debug|Any CPU
		{38A63A03-C1AD-43B9-9624-C1B133731415}.Debug|Any CPU.Build.0 = Debug|Any CPU
		{38A63A03-C1AD-43B9-9624-C1B133731415}.Release|Any CPU.ActiveCfg = Release|Any CPU
		{38A63A03-C1AD-43B9-9624-C1B133731415}.Release|Any CPU.Build.0 = Release|Any CPU
	EndGlobalSection
	GlobalSection(SolutionProperties) = preSolution
		HideSolutionNode = FALSE
	EndGlobalSection
	GlobalSection(NestedProjects) = preSolution
		{990DE0BD-1124-4C98-BC44-244772C0DE04} = {78845AEC-EF21-490F-B766-D6C8D37FE0CD}
		{B4A5F4FF-8DDC-4CB4-9B03-7E416A84B4EF} = {78845AEC-EF21-490F-B766-D6C8D37FE0CD}
		{8602AF23-65D3-4CF6-BFF9-A145102B0205} = {78845AEC-EF21-490F-B766-D6C8D37FE0CD}
		{7E430390-3F08-4A87-AEB0-B98F68ECB411} = {8602AF23-65D3-4CF6-BFF9-A145102B0205}
		{8FB9F7B8-4C82-498C-A94D-E2C32BD66E01} = {B4A5F4FF-8DDC-4CB4-9B03-7E416A84B4EF}
		{32DC60CA-571C-405A-81CD-F77295E3E72F} = {990DE0BD-1124-4C98-BC44-244772C0DE04}
		{7ED0332C-AAF3-4ACF-A684-5E8672408E51} = {32DC60CA-571C-405A-81CD-F77295E3E72F}
		{485E63D4-5590-4EB4-9B6E-96EB02173C18} = {32DC60CA-571C-405A-81CD-F77295E3E72F}
		{38A63A03-C1AD-43B9-9624-C1B133731415} = {32DC60CA-571C-405A-81CD-F77295E3E72F}
	EndGlobalSection
	GlobalSection(ExtensibilityGlobals) = postSolution
		SolutionGuid = {5FF80685-ECD3-48BF-B66F-EDC6657D4FD5}
	EndGlobalSection
EndGlobal
