
Microsoft Visual Studio Solution File, Format Version 12.00
# Visual Studio Version 17
VisualStudioVersion = 17.0.31717.71
MinimumVisualStudioVersion = 10.0.40219.1
Project("{9A19103F-16F7-4668-BE54-9A1E7A4F7556}") = "BlazorApp1", "BlazorApp1\BlazorApp1.csproj", "{1F6136AC-570C-43E6-B6A0-D4802EBC0D44}"
EndProject
Project("{FAE04EC0-301F-11D3-BF4B-00C04F79EFBC}") = "BlazorApp2", "BlazorApp2\BlazorApp2.csproj", "{C78BA29A-CDEF-4EBA-97A9-9EF5C30E036D}"
EndProject
Project("{FAE04EC0-301F-11D3-BF4B-00C04F79EFBC}") = "WebApp", "WebApp\WebApp.csproj", "{0B57145B-0627-4131-B835-AF5EC3EFA9D2}"
EndProject
Global
	GlobalSection(SolutionConfigurationPlatforms) = preSolution
		Debug|Any CPU = Debug|Any CPU
		Release|Any CPU = Release|Any CPU
	EndGlobalSection
	GlobalSection(ProjectConfigurationPlatforms) = postSolution
		{1F6136AC-570C-43E6-B6A0-D4802EBC0D44}.Debug|Any CPU.ActiveCfg = Debug|Any CPU
		{1F6136AC-570C-43E6-B6A0-D4802EBC0D44}.Debug|Any CPU.Build.0 = Debug|Any CPU
		{1F6136AC-570C-43E6-B6A0-D4802EBC0D44}.Release|Any CPU.ActiveCfg = Release|Any CPU
		{1F6136AC-570C-43E6-B6A0-D4802EBC0D44}.Release|Any CPU.Build.0 = Release|Any CPU
		{C78BA29A-CDEF-4EBA-97A9-9EF5C30E036D}.Debug|Any CPU.ActiveCfg = Debug|Any CPU
		{C78BA29A-CDEF-4EBA-97A9-9EF5C30E036D}.Debug|Any CPU.Build.0 = Debug|Any CPU
		{C78BA29A-CDEF-4EBA-97A9-9EF5C30E036D}.Release|Any CPU.ActiveCfg = Release|Any CPU
		{C78BA29A-CDEF-4EBA-97A9-9EF5C30E036D}.Release|Any CPU.Build.0 = Release|Any CPU
		{0B57145B-0627-4131-B835-AF5EC3EFA9D2}.Debug|Any CPU.ActiveCfg = Debug|Any CPU
		{0B57145B-0627-4131-B835-AF5EC3EFA9D2}.Debug|Any CPU.Build.0 = Debug|Any CPU
		{0B57145B-0627-4131-B835-AF5EC3EFA9D2}.Release|Any CPU.ActiveCfg = Release|Any CPU
		{0B57145B-0627-4131-B835-AF5EC3EFA9D2}.Release|Any CPU.Build.0 = Release|Any CPU
	EndGlobalSection
	GlobalSection(SolutionProperties) = preSolution
		HideSolutionNode = FALSE
	EndGlobalSection
	GlobalSection(ExtensibilityGlobals) = postSolution
		SolutionGuid = {D862AD90-1BD7-4CDC-9023-53D448057C05}
	EndGlobalSection
EndGlobal
