
Microsoft Visual Studio Solution File, Format Version 12.00
# Visual Studio Version 17
VisualStudioVersion = 17.0.32126.317
MinimumVisualStudioVersion = 10.0.40219.1
Project("{FAE04EC0-301F-11D3-BF4B-00C04F79EFBC}") = "GateWayCenter", "GateWayCenter\GateWayCenter.csproj", "{B5B95629-7FF6-4BF8-9334-7AC182604DAD}"
EndProject
Project("{FAE04EC0-301F-11D3-BF4B-00C04F79EFBC}") = "Test", "Test\Test.csproj", "{2377F968-BC0F-4099-A0C3-8C44FDFED2A4}"
EndProject
Global
	GlobalSection(SolutionConfigurationPlatforms) = preSolution
		Debug|Any CPU = Debug|Any CPU
		Release|Any CPU = Release|Any CPU
	EndGlobalSection
	GlobalSection(ProjectConfigurationPlatforms) = postSolution
		{B5B95629-7FF6-4BF8-9334-7AC182604DAD}.Debug|Any CPU.ActiveCfg = Debug|Any CPU
		{B5B95629-7FF6-4BF8-9334-7AC182604DAD}.Debug|Any CPU.Build.0 = Debug|Any CPU
		{B5B95629-7FF6-4BF8-9334-7AC182604DAD}.Release|Any CPU.ActiveCfg = Release|Any CPU
		{B5B95629-7FF6-4BF8-9334-7AC182604DAD}.Release|Any CPU.Build.0 = Release|Any CPU
		{2377F968-BC0F-4099-A0C3-8C44FDFED2A4}.Debug|Any CPU.ActiveCfg = Debug|Any CPU
		{2377F968-BC0F-4099-A0C3-8C44FDFED2A4}.Debug|Any CPU.Build.0 = Debug|Any CPU
		{2377F968-BC0F-4099-A0C3-8C44FDFED2A4}.Release|Any CPU.ActiveCfg = Release|Any CPU
		{2377F968-BC0F-4099-A0C3-8C44FDFED2A4}.Release|Any CPU.Build.0 = Release|Any CPU
	EndGlobalSection
	GlobalSection(SolutionProperties) = preSolution
		HideSolutionNode = FALSE
	EndGlobalSection
	GlobalSection(ExtensibilityGlobals) = postSolution
		SolutionGuid = {BB506AD4-6CD6-4C1D-915A-E8F11B6F5A6A}
	EndGlobalSection
EndGlobal
