
Microsoft Visual Studio Solution File, Format Version 12.00
# Visual Studio Version 17
VisualStudioVersion = 17.0.31808.319
MinimumVisualStudioVersion = 10.0.40219.1
Project("{2150E333-8FDC-42A3-9474-1A3956D46DE8}") = "Asp.NetCore.jesse", "Asp.NetCore.jesse", "{056EABF8-FB89-48FC-8B58-22D414C2915B}"
EndProject
Project("{2150E333-8FDC-42A3-9474-1A3956D46DE8}") = "Asp.NetCore.zhaoxi", "Asp.NetCore.zhaoxi", "{AA787F6C-3221-4390-ACEB-B5AC5B8CD126}"
EndProject
Project("{2150E333-8FDC-42A3-9474-1A3956D46DE8}") = "手写ORM框架", "手写ORM框架", "{58A5D030-D356-4716-B244-C3A58B15E8A5}"
EndProject
Project("{2150E333-8FDC-42A3-9474-1A3956D46DE8}") = "Knowledge", "Knowledge", "{8A11FE0A-BB00-480D-B8B5-B10F12B38AA6}"
EndProject
Project("{2150E333-8FDC-42A3-9474-1A3956D46DE8}") = "IdentityServer", "IdentityServer", "{A7A0C38F-48DE-47F0-B43F-E0B86C95178C}"
EndProject
Project("{9A19103F-16F7-4668-BE54-9A1E7A4F7556}") = "IdentityServerApi", "..\NetRider\IdentityServerApi\IdentityServerApi.csproj", "{1B05318C-72BD-4017-8DB9-CE793AA82C91}"
EndProject
Project("{9A19103F-16F7-4668-BE54-9A1E7A4F7556}") = "IdentityServerCenter", "..\NetRider\IdentityServerCenter\IdentityServerCenter.csproj", "{18509692-BDC1-4420-84C9-85216CB2ADCC}"
EndProject
Project("{9A19103F-16F7-4668-BE54-9A1E7A4F7556}") = "IdentityServerClient", "..\NetRider\IdentityServerClient\IdentityServerClient.csproj", "{EBE0D893-A87B-43CC-8BCF-C8DA2B48737D}"
EndProject
Project("{2150E333-8FDC-42A3-9474-1A3956D46DE8}") = "EntityFramework", "EntityFramework", "{88E7D419-F766-49C5-9C35-3BEB53774E0C}"
EndProject
Project("{2150E333-8FDC-42A3-9474-1A3956D46DE8}") = "Demo", "Demo", "{5DB58EC8-2936-459D-9295-C5056B8E1961}"
EndProject
Project("{2150E333-8FDC-42A3-9474-1A3956D46DE8}") = "MiddleWare", "MiddleWare", "{416D46FB-2631-48E0-B560-08D5A1235DFB}"
EndProject
Project("{2150E333-8FDC-42A3-9474-1A3956D46DE8}") = "MongoDB", "MongoDB", "{1DB61317-C940-4553-A685-FFBB8FF7D2CA}"
EndProject
Project("{2150E333-8FDC-42A3-9474-1A3956D46DE8}") = "ASP.NetCore", "ASP.NetCore", "{97888699-7897-4351-AACD-A35629518FB4}"
EndProject
Project("{2150E333-8FDC-42A3-9474-1A3956D46DE8}") = "2期", "2期", "{D0539B1C-BB8E-4171-AB53-05490571BA47}"
EndProject
Project("{2150E333-8FDC-42A3-9474-1A3956D46DE8}") = "MicroService", "MicroService", "{F1F1CF0F-328C-46AE-A2F9-212B7C29FAF7}"
EndProject
Project("{2150E333-8FDC-42A3-9474-1A3956D46DE8}") = "1期", "1期", "{E7373168-0F96-430B-8CB2-8283DC3DFC2D}"
EndProject
Project("{2150E333-8FDC-42A3-9474-1A3956D46DE8}") = "IdentityServer", "IdentityServer", "{2F0F2AF5-C7E7-4888-BDAB-0653AD35A62F}"
EndProject
Project("{9A19103F-16F7-4668-BE54-9A1E7A4F7556}") = "A_IdentityserverCenter", "Asp.NetCore.jesse\A_IdentityserverCenter\A_IdentityserverCenter.csproj", "{B33CD98D-0D07-4B87-9E4A-C215296110A5}"
EndProject
Project("{9A19103F-16F7-4668-BE54-9A1E7A4F7556}") = "B_ClientCredentialApi", "Asp.NetCore.jesse\B_ClientCredentialApi\B_ClientCredentialApi.csproj", "{103A7913-8841-46D6-B725-2ABBAF15E4DD}"
EndProject
Project("{9A19103F-16F7-4668-BE54-9A1E7A4F7556}") = "C_IdentityServerClient", "Asp.NetCore.jesse\IdentityServerClient\C_IdentityServerClient.csproj", "{A79249B7-E340-465C-B6AC-29A6D89FD4B3}"
EndProject
Project("{9A19103F-16F7-4668-BE54-9A1E7A4F7556}") = "Core5.0.MVCDemo", "Asp.NetCore.zhaoxi\Asp.NetCore\Core5.0.MVCDemo\Core5.0.MVCDemo.csproj", "{C236B3DE-3402-4F4D-9C6F-8DE49655B8AA}"
EndProject
Project("{9A19103F-16F7-4668-BE54-9A1E7A4F7556}") = "Orm.BLL", "Asp.NetCore.zhaoxi\ORM\Orm.BLL\Orm.BLL.csproj", "{F3BFD8FB-6CF1-4B69-BB48-8DBC86BBB76C}"
EndProject
Project("{9A19103F-16F7-4668-BE54-9A1E7A4F7556}") = "Orm.DAL", "Asp.NetCore.zhaoxi\ORM\Orm.DAL\Orm.DAL.csproj", "{FA146DD8-3A58-4C10-A897-D3BF51172AF0}"
EndProject
Project("{9A19103F-16F7-4668-BE54-9A1E7A4F7556}") = "Orm.Model", "Asp.NetCore.zhaoxi\ORM\Orm.Model\Orm.Model.csproj", "{BC766B6A-F4E9-4331-A249-FB9B172F8161}"
EndProject
Project("{9A19103F-16F7-4668-BE54-9A1E7A4F7556}") = "Test", "Asp.NetCore.zhaoxi\ORM\Test\Test.csproj", "{96471349-776A-4FF5-8F01-A22168624C0F}"
EndProject
Project("{9A19103F-16F7-4668-BE54-9A1E7A4F7556}") = "EntityFramework", "Asp.NetCore.zhaoxi\ORM\EntityFramework\EntityFramework.csproj", "{96AAD7D2-BC44-4A15-92BB-3E54BCB397C6}"
EndProject
Project("{2150E333-8FDC-42A3-9474-1A3956D46DE8}") = "Asp.NetCore.yzk", "Asp.NetCore.yzk", "{570356C8-E5EF-47B0-8EC4-D951DF791E95}"
EndProject
Project("{2150E333-8FDC-42A3-9474-1A3956D46DE8}") = "Linq", "Linq", "{60CBEB77-A782-4848-9B98-C1C69A5A2730}"
EndProject
Project("{9A19103F-16F7-4668-BE54-9A1E7A4F7556}") = "LinqDemo", "Asp.NetCore.yzk\LinqDemo\LinqDemo.csproj", "{B3FCEA11-8452-46F8-9F91-D2830AD532EF}"
EndProject
Project("{9A19103F-16F7-4668-BE54-9A1E7A4F7556}") = "IOC.Demo", "Asp.NetCore.zhaoxi\Asp.NetCore\IOC.Demo\IOC.Demo.csproj", "{39C759AC-6D14-479F-B285-7EAB04D03261}"
EndProject
Project("{2150E333-8FDC-42A3-9474-1A3956D46DE8}") = "1期", "1期", "{A5A76BFD-BF53-402F-9006-F52C969124FE}"
EndProject
Project("{9A19103F-16F7-4668-BE54-9A1E7A4F7556}") = "MicroService.WebApi", "Asp.NetCore.zhaoxi\MicroService\MicroService.WebApi\MicroService.WebApi.csproj", "{0D50E8F6-4E6F-4DBA-B15F-2113C0716154}"
EndProject
Project("{2150E333-8FDC-42A3-9474-1A3956D46DE8}") = "Asp.NetCore.Common", "Asp.NetCore.Common", "{656F7A00-D4C2-4F11-B555-A6CF8D0A3AB4}"
EndProject
Project("{9A19103F-16F7-4668-BE54-9A1E7A4F7556}") = "Asp.NetCore.Infrastructure", "Asp.NetCore.Common\Asp.NetCore.Infrastructure\Asp.NetCore.Infrastructure.csproj", "{749599CA-0906-43E7-9A67-CEA78AB68697}"
EndProject
Project("{9A19103F-16F7-4668-BE54-9A1E7A4F7556}") = "MicroService.Gateway", "Asp.NetCore.zhaoxi\MicroService\MicroService.Gateway\MicroService.Gateway.csproj", "{4976F2F4-75B9-4D17-9CD1-507589D8925A}"
EndProject
Project("{2150E333-8FDC-42A3-9474-1A3956D46DE8}") = "AdvancedSourceCode", "AdvancedSourceCode", "{D9F63CB6-EEF5-4B7B-BF1F-19AB2B571065}"
EndProject
Project("{9A19103F-16F7-4668-BE54-9A1E7A4F7556}") = "Asp.NetCore.UseMiddleware", "Asp.NetCore.zhaoxi\AdvancedSourceCode\Asp.NetCore.UseMiddleware\Asp.NetCore.UseMiddleware.csproj", "{6290866E-AA4B-4B6D-A50D-AD20DC895C1A}"
EndProject
Project("{2150E333-8FDC-42A3-9474-1A3956D46DE8}") = "BLL", "BLL", "{4F2FD4E8-288F-4BDB-95F8-BE43701309E5}"
EndProject
Project("{2150E333-8FDC-42A3-9474-1A3956D46DE8}") = "DAL", "DAL", "{2F00B808-EDFE-4B98-8CF8-47E8585ACD9D}"
EndProject
Project("{9A19103F-16F7-4668-BE54-9A1E7A4F7556}") = "IBusinessService", "Asp.NetCore.Common\IBusinessService\IBusinessService.csproj", "{8B1FC647-8E05-49DB-B47E-2441BAA81CA4}"
EndProject
Project("{9A19103F-16F7-4668-BE54-9A1E7A4F7556}") = "BusinessService", "Asp.NetCore.Common\BusinessService\BusinessService.csproj", "{FA874D91-1149-4E27-B8A1-B6B15FA60C87}"
EndProject
Project("{9A19103F-16F7-4668-BE54-9A1E7A4F7556}") = "IDataAccess", "Asp.NetCore.Common\IDataAccess\IDataAccess.csproj", "{D508FBC2-9E11-4C63-BE6B-77976C29163A}"
EndProject
Project("{9A19103F-16F7-4668-BE54-9A1E7A4F7556}") = "DataAccess", "Asp.NetCore.Common\DataAccess\DataAccess.csproj", "{624293E1-6246-4DB7-8913-C9FC0065BB04}"
EndProject
Project("{2150E333-8FDC-42A3-9474-1A3956D46DE8}") = "EF", "EF", "{FDFE230F-3B6E-4D94-9126-12C8849FC9E8}"
EndProject
Project("{9A19103F-16F7-4668-BE54-9A1E7A4F7556}") = "EntityFrameworkCore.Base", "Asp.NetCore.Common\EntityFrameworkCore.Base\EntityFrameworkCore.Base.csproj", "{55568EB9-77CF-4EE9-9097-6F08CBB1F7BD}"
EndProject
Project("{2150E333-8FDC-42A3-9474-1A3956D46DE8}") = "Model", "Model", "{32E2BAF6-63E0-456E-8A05-9CD328289441}"
EndProject
Project("{9A19103F-16F7-4668-BE54-9A1E7A4F7556}") = "Asp.NetCore.Model", "Asp.NetCore.Common\Asp.NetCore.Model\Asp.NetCore.Model.csproj", "{F081A85B-25BB-4B69-B1FE-F367C010F20B}"
EndProject
Project("{9A19103F-16F7-4668-BE54-9A1E7A4F7556}") = "Asp.NetCoreWebAPI", "Asp.NetCore.zhaoxi\Asp.NetCore\Asp.NetCoreWebAPI\Asp.NetCoreWebAPI.csproj", "{0F2374DC-3C50-45BF-94BA-9456361180C2}"
EndProject
Project("{2150E333-8FDC-42A3-9474-1A3956D46DE8}") = "Dapr", "Dapr", "{FEC587B7-A8E3-4575-BCAE-250BCF2FF5E7}"
EndProject
Project("{9A19103F-16F7-4668-BE54-9A1E7A4F7556}") = "DaprCounter", "Dapr\DaprCounter\DaprCounter.csproj", "{316FD954-21E9-48E7-88BF-C38BFC5B584C}"
EndProject
Project("{2150E333-8FDC-42A3-9474-1A3956D46DE8}") = "服务调用", "服务调用", "{18115039-A702-4096-8174-A368C6030D81}"
EndProject
Project("{9A19103F-16F7-4668-BE54-9A1E7A4F7556}") = "DaprBackEnd", "Dapr\DaprBackEnd\DaprBackEnd.csproj", "{6D801FD1-1A44-47DC-BC68-A5BA15C84939}"
EndProject
Project("{9A19103F-16F7-4668-BE54-9A1E7A4F7556}") = "DaprFrontEnd", "Dapr\DaprFrontEnd\DaprFrontEnd.csproj", "{3FA63762-25E8-4150-9B90-6B5C74538C0E}"
EndProject
Project("{2150E333-8FDC-42A3-9474-1A3956D46DE8}") = "Extensins", "Extensins", "{F914062B-C9D1-48A6-9C88-B54186B7C9A7}"
EndProject
Project("{2150E333-8FDC-42A3-9474-1A3956D46DE8}") = "AutoMapperProject", "AutoMapperProject", "{B7FB31AE-FE00-482C-909D-A8519497D84D}"
EndProject
Project("{9A19103F-16F7-4668-BE54-9A1E7A4F7556}") = "AutoMapperDemo", "Asp.NetCore.zhaoxi\Extensins\AutoMapperDemo\AutoMapperDemo.csproj", "{3DD11B4E-5C88-4F6D-BF17-AEABE1372298}"
EndProject
Project("{9A19103F-16F7-4668-BE54-9A1E7A4F7556}") = "AutoMapperEntity", "Asp.NetCore.zhaoxi\Extensins\AutoMapperEntity\AutoMapperEntity.csproj", "{CE0F34D7-5E44-42FA-8F27-5478D8C5EB07}"
EndProject
Project("{9A19103F-16F7-4668-BE54-9A1E7A4F7556}") = "AutoMapperDTO", "Asp.NetCore.zhaoxi\Extensins\AutoMapperDTO\AutoMapperDTO.csproj", "{A727D782-957D-4A3A-80CE-BD2ED1532E8E}"
EndProject
Project("{2150E333-8FDC-42A3-9474-1A3956D46DE8}") = "ABPVNext", "ABPVNext", "{EDE15A24-70ED-4432-8E17-0EB318C7FFAE}"
EndProject
Project("{2150E333-8FDC-42A3-9474-1A3956D46DE8}") = "ABPVNext", "ABPVNext", "{8E796DA2-6D7A-4972-8881-0F8919A49151}"
EndProject
Global
	GlobalSection(SolutionConfigurationPlatforms) = preSolution
		Debug|Any CPU = Debug|Any CPU
		Release|Any CPU = Release|Any CPU
	EndGlobalSection
	GlobalSection(ProjectConfigurationPlatforms) = postSolution
		{1B05318C-72BD-4017-8DB9-CE793AA82C91}.Debug|Any CPU.ActiveCfg = Debug|Any CPU
		{1B05318C-72BD-4017-8DB9-CE793AA82C91}.Debug|Any CPU.Build.0 = Debug|Any CPU
		{1B05318C-72BD-4017-8DB9-CE793AA82C91}.Release|Any CPU.ActiveCfg = Release|Any CPU
		{1B05318C-72BD-4017-8DB9-CE793AA82C91}.Release|Any CPU.Build.0 = Release|Any CPU
		{18509692-BDC1-4420-84C9-85216CB2ADCC}.Debug|Any CPU.ActiveCfg = Debug|Any CPU
		{18509692-BDC1-4420-84C9-85216CB2ADCC}.Debug|Any CPU.Build.0 = Debug|Any CPU
		{18509692-BDC1-4420-84C9-85216CB2ADCC}.Release|Any CPU.ActiveCfg = Release|Any CPU
		{18509692-BDC1-4420-84C9-85216CB2ADCC}.Release|Any CPU.Build.0 = Release|Any CPU
		{EBE0D893-A87B-43CC-8BCF-C8DA2B48737D}.Debug|Any CPU.ActiveCfg = Debug|Any CPU
		{EBE0D893-A87B-43CC-8BCF-C8DA2B48737D}.Debug|Any CPU.Build.0 = Debug|Any CPU
		{EBE0D893-A87B-43CC-8BCF-C8DA2B48737D}.Release|Any CPU.ActiveCfg = Release|Any CPU
		{EBE0D893-A87B-43CC-8BCF-C8DA2B48737D}.Release|Any CPU.Build.0 = Release|Any CPU
		{B33CD98D-0D07-4B87-9E4A-C215296110A5}.Debug|Any CPU.ActiveCfg = Debug|Any CPU
		{B33CD98D-0D07-4B87-9E4A-C215296110A5}.Debug|Any CPU.Build.0 = Debug|Any CPU
		{B33CD98D-0D07-4B87-9E4A-C215296110A5}.Release|Any CPU.ActiveCfg = Release|Any CPU
		{B33CD98D-0D07-4B87-9E4A-C215296110A5}.Release|Any CPU.Build.0 = Release|Any CPU
		{103A7913-8841-46D6-B725-2ABBAF15E4DD}.Debug|Any CPU.ActiveCfg = Debug|Any CPU
		{103A7913-8841-46D6-B725-2ABBAF15E4DD}.Debug|Any CPU.Build.0 = Debug|Any CPU
		{103A7913-8841-46D6-B725-2ABBAF15E4DD}.Release|Any CPU.ActiveCfg = Release|Any CPU
		{103A7913-8841-46D6-B725-2ABBAF15E4DD}.Release|Any CPU.Build.0 = Release|Any CPU
		{A79249B7-E340-465C-B6AC-29A6D89FD4B3}.Debug|Any CPU.ActiveCfg = Debug|Any CPU
		{A79249B7-E340-465C-B6AC-29A6D89FD4B3}.Debug|Any CPU.Build.0 = Debug|Any CPU
		{A79249B7-E340-465C-B6AC-29A6D89FD4B3}.Release|Any CPU.ActiveCfg = Release|Any CPU
		{A79249B7-E340-465C-B6AC-29A6D89FD4B3}.Release|Any CPU.Build.0 = Release|Any CPU
		{C236B3DE-3402-4F4D-9C6F-8DE49655B8AA}.Debug|Any CPU.ActiveCfg = Debug|Any CPU
		{C236B3DE-3402-4F4D-9C6F-8DE49655B8AA}.Debug|Any CPU.Build.0 = Debug|Any CPU
		{C236B3DE-3402-4F4D-9C6F-8DE49655B8AA}.Release|Any CPU.ActiveCfg = Release|Any CPU
		{C236B3DE-3402-4F4D-9C6F-8DE49655B8AA}.Release|Any CPU.Build.0 = Release|Any CPU
		{F3BFD8FB-6CF1-4B69-BB48-8DBC86BBB76C}.Debug|Any CPU.ActiveCfg = Debug|Any CPU
		{F3BFD8FB-6CF1-4B69-BB48-8DBC86BBB76C}.Debug|Any CPU.Build.0 = Debug|Any CPU
		{F3BFD8FB-6CF1-4B69-BB48-8DBC86BBB76C}.Release|Any CPU.ActiveCfg = Release|Any CPU
		{F3BFD8FB-6CF1-4B69-BB48-8DBC86BBB76C}.Release|Any CPU.Build.0 = Release|Any CPU
		{FA146DD8-3A58-4C10-A897-D3BF51172AF0}.Debug|Any CPU.ActiveCfg = Debug|Any CPU
		{FA146DD8-3A58-4C10-A897-D3BF51172AF0}.Debug|Any CPU.Build.0 = Debug|Any CPU
		{FA146DD8-3A58-4C10-A897-D3BF51172AF0}.Release|Any CPU.ActiveCfg = Release|Any CPU
		{FA146DD8-3A58-4C10-A897-D3BF51172AF0}.Release|Any CPU.Build.0 = Release|Any CPU
		{BC766B6A-F4E9-4331-A249-FB9B172F8161}.Debug|Any CPU.ActiveCfg = Debug|Any CPU
		{BC766B6A-F4E9-4331-A249-FB9B172F8161}.Debug|Any CPU.Build.0 = Debug|Any CPU
		{BC766B6A-F4E9-4331-A249-FB9B172F8161}.Release|Any CPU.ActiveCfg = Release|Any CPU
		{BC766B6A-F4E9-4331-A249-FB9B172F8161}.Release|Any CPU.Build.0 = Release|Any CPU
		{96471349-776A-4FF5-8F01-A22168624C0F}.Debug|Any CPU.ActiveCfg = Debug|Any CPU
		{96471349-776A-4FF5-8F01-A22168624C0F}.Debug|Any CPU.Build.0 = Debug|Any CPU
		{96471349-776A-4FF5-8F01-A22168624C0F}.Release|Any CPU.ActiveCfg = Release|Any CPU
		{96471349-776A-4FF5-8F01-A22168624C0F}.Release|Any CPU.Build.0 = Release|Any CPU
		{96AAD7D2-BC44-4A15-92BB-3E54BCB397C6}.Debug|Any CPU.ActiveCfg = Debug|Any CPU
		{96AAD7D2-BC44-4A15-92BB-3E54BCB397C6}.Debug|Any CPU.Build.0 = Debug|Any CPU
		{96AAD7D2-BC44-4A15-92BB-3E54BCB397C6}.Release|Any CPU.ActiveCfg = Release|Any CPU
		{96AAD7D2-BC44-4A15-92BB-3E54BCB397C6}.Release|Any CPU.Build.0 = Release|Any CPU
		{B3FCEA11-8452-46F8-9F91-D2830AD532EF}.Debug|Any CPU.ActiveCfg = Debug|Any CPU
		{B3FCEA11-8452-46F8-9F91-D2830AD532EF}.Debug|Any CPU.Build.0 = Debug|Any CPU
		{B3FCEA11-8452-46F8-9F91-D2830AD532EF}.Release|Any CPU.ActiveCfg = Release|Any CPU
		{B3FCEA11-8452-46F8-9F91-D2830AD532EF}.Release|Any CPU.Build.0 = Release|Any CPU
		{39C759AC-6D14-479F-B285-7EAB04D03261}.Debug|Any CPU.ActiveCfg = Debug|Any CPU
		{39C759AC-6D14-479F-B285-7EAB04D03261}.Debug|Any CPU.Build.0 = Debug|Any CPU
		{39C759AC-6D14-479F-B285-7EAB04D03261}.Release|Any CPU.ActiveCfg = Release|Any CPU
		{39C759AC-6D14-479F-B285-7EAB04D03261}.Release|Any CPU.Build.0 = Release|Any CPU
		{0D50E8F6-4E6F-4DBA-B15F-2113C0716154}.Debug|Any CPU.ActiveCfg = Debug|Any CPU
		{0D50E8F6-4E6F-4DBA-B15F-2113C0716154}.Debug|Any CPU.Build.0 = Debug|Any CPU
		{0D50E8F6-4E6F-4DBA-B15F-2113C0716154}.Release|Any CPU.ActiveCfg = Release|Any CPU
		{0D50E8F6-4E6F-4DBA-B15F-2113C0716154}.Release|Any CPU.Build.0 = Release|Any CPU
		{749599CA-0906-43E7-9A67-CEA78AB68697}.Debug|Any CPU.ActiveCfg = Debug|Any CPU
		{749599CA-0906-43E7-9A67-CEA78AB68697}.Debug|Any CPU.Build.0 = Debug|Any CPU
		{749599CA-0906-43E7-9A67-CEA78AB68697}.Release|Any CPU.ActiveCfg = Release|Any CPU
		{749599CA-0906-43E7-9A67-CEA78AB68697}.Release|Any CPU.Build.0 = Release|Any CPU
		{4976F2F4-75B9-4D17-9CD1-507589D8925A}.Debug|Any CPU.ActiveCfg = Debug|Any CPU
		{4976F2F4-75B9-4D17-9CD1-507589D8925A}.Debug|Any CPU.Build.0 = Debug|Any CPU
		{4976F2F4-75B9-4D17-9CD1-507589D8925A}.Release|Any CPU.ActiveCfg = Release|Any CPU
		{4976F2F4-75B9-4D17-9CD1-507589D8925A}.Release|Any CPU.Build.0 = Release|Any CPU
		{6290866E-AA4B-4B6D-A50D-AD20DC895C1A}.Debug|Any CPU.ActiveCfg = Debug|Any CPU
		{6290866E-AA4B-4B6D-A50D-AD20DC895C1A}.Debug|Any CPU.Build.0 = Debug|Any CPU
		{6290866E-AA4B-4B6D-A50D-AD20DC895C1A}.Release|Any CPU.ActiveCfg = Release|Any CPU
		{6290866E-AA4B-4B6D-A50D-AD20DC895C1A}.Release|Any CPU.Build.0 = Release|Any CPU
		{8B1FC647-8E05-49DB-B47E-2441BAA81CA4}.Debug|Any CPU.ActiveCfg = Debug|Any CPU
		{8B1FC647-8E05-49DB-B47E-2441BAA81CA4}.Debug|Any CPU.Build.0 = Debug|Any CPU
		{8B1FC647-8E05-49DB-B47E-2441BAA81CA4}.Release|Any CPU.ActiveCfg = Release|Any CPU
		{8B1FC647-8E05-49DB-B47E-2441BAA81CA4}.Release|Any CPU.Build.0 = Release|Any CPU
		{FA874D91-1149-4E27-B8A1-B6B15FA60C87}.Debug|Any CPU.ActiveCfg = Debug|Any CPU
		{FA874D91-1149-4E27-B8A1-B6B15FA60C87}.Debug|Any CPU.Build.0 = Debug|Any CPU
		{FA874D91-1149-4E27-B8A1-B6B15FA60C87}.Release|Any CPU.ActiveCfg = Release|Any CPU
		{FA874D91-1149-4E27-B8A1-B6B15FA60C87}.Release|Any CPU.Build.0 = Release|Any CPU
		{D508FBC2-9E11-4C63-BE6B-77976C29163A}.Debug|Any CPU.ActiveCfg = Debug|Any CPU
		{D508FBC2-9E11-4C63-BE6B-77976C29163A}.Debug|Any CPU.Build.0 = Debug|Any CPU
		{D508FBC2-9E11-4C63-BE6B-77976C29163A}.Release|Any CPU.ActiveCfg = Release|Any CPU
		{D508FBC2-9E11-4C63-BE6B-77976C29163A}.Release|Any CPU.Build.0 = Release|Any CPU
		{624293E1-6246-4DB7-8913-C9FC0065BB04}.Debug|Any CPU.ActiveCfg = Debug|Any CPU
		{624293E1-6246-4DB7-8913-C9FC0065BB04}.Debug|Any CPU.Build.0 = Debug|Any CPU
		{624293E1-6246-4DB7-8913-C9FC0065BB04}.Release|Any CPU.ActiveCfg = Release|Any CPU
		{624293E1-6246-4DB7-8913-C9FC0065BB04}.Release|Any CPU.Build.0 = Release|Any CPU
		{55568EB9-77CF-4EE9-9097-6F08CBB1F7BD}.Debug|Any CPU.ActiveCfg = Debug|Any CPU
		{55568EB9-77CF-4EE9-9097-6F08CBB1F7BD}.Debug|Any CPU.Build.0 = Debug|Any CPU
		{55568EB9-77CF-4EE9-9097-6F08CBB1F7BD}.Release|Any CPU.ActiveCfg = Release|Any CPU
		{55568EB9-77CF-4EE9-9097-6F08CBB1F7BD}.Release|Any CPU.Build.0 = Release|Any CPU
		{F081A85B-25BB-4B69-B1FE-F367C010F20B}.Debug|Any CPU.ActiveCfg = Debug|Any CPU
		{F081A85B-25BB-4B69-B1FE-F367C010F20B}.Debug|Any CPU.Build.0 = Debug|Any CPU
		{F081A85B-25BB-4B69-B1FE-F367C010F20B}.Release|Any CPU.ActiveCfg = Release|Any CPU
		{F081A85B-25BB-4B69-B1FE-F367C010F20B}.Release|Any CPU.Build.0 = Release|Any CPU
		{0F2374DC-3C50-45BF-94BA-9456361180C2}.Debug|Any CPU.ActiveCfg = Debug|Any CPU
		{0F2374DC-3C50-45BF-94BA-9456361180C2}.Debug|Any CPU.Build.0 = Debug|Any CPU
		{0F2374DC-3C50-45BF-94BA-9456361180C2}.Release|Any CPU.ActiveCfg = Release|Any CPU
		{0F2374DC-3C50-45BF-94BA-9456361180C2}.Release|Any CPU.Build.0 = Release|Any CPU
		{316FD954-21E9-48E7-88BF-C38BFC5B584C}.Debug|Any CPU.ActiveCfg = Debug|Any CPU
		{316FD954-21E9-48E7-88BF-C38BFC5B584C}.Debug|Any CPU.Build.0 = Debug|Any CPU
		{316FD954-21E9-48E7-88BF-C38BFC5B584C}.Release|Any CPU.ActiveCfg = Release|Any CPU
		{316FD954-21E9-48E7-88BF-C38BFC5B584C}.Release|Any CPU.Build.0 = Release|Any CPU
		{6D801FD1-1A44-47DC-BC68-A5BA15C84939}.Debug|Any CPU.ActiveCfg = Debug|Any CPU
		{6D801FD1-1A44-47DC-BC68-A5BA15C84939}.Debug|Any CPU.Build.0 = Debug|Any CPU
		{6D801FD1-1A44-47DC-BC68-A5BA15C84939}.Release|Any CPU.ActiveCfg = Release|Any CPU
		{6D801FD1-1A44-47DC-BC68-A5BA15C84939}.Release|Any CPU.Build.0 = Release|Any CPU
		{3FA63762-25E8-4150-9B90-6B5C74538C0E}.Debug|Any CPU.ActiveCfg = Debug|Any CPU
		{3FA63762-25E8-4150-9B90-6B5C74538C0E}.Debug|Any CPU.Build.0 = Debug|Any CPU
		{3FA63762-25E8-4150-9B90-6B5C74538C0E}.Release|Any CPU.ActiveCfg = Release|Any CPU
		{3FA63762-25E8-4150-9B90-6B5C74538C0E}.Release|Any CPU.Build.0 = Release|Any CPU
		{3DD11B4E-5C88-4F6D-BF17-AEABE1372298}.Debug|Any CPU.ActiveCfg = Debug|Any CPU
		{3DD11B4E-5C88-4F6D-BF17-AEABE1372298}.Debug|Any CPU.Build.0 = Debug|Any CPU
		{3DD11B4E-5C88-4F6D-BF17-AEABE1372298}.Release|Any CPU.ActiveCfg = Release|Any CPU
		{3DD11B4E-5C88-4F6D-BF17-AEABE1372298}.Release|Any CPU.Build.0 = Release|Any CPU
		{CE0F34D7-5E44-42FA-8F27-5478D8C5EB07}.Debug|Any CPU.ActiveCfg = Debug|Any CPU
		{CE0F34D7-5E44-42FA-8F27-5478D8C5EB07}.Debug|Any CPU.Build.0 = Debug|Any CPU
		{CE0F34D7-5E44-42FA-8F27-5478D8C5EB07}.Release|Any CPU.ActiveCfg = Release|Any CPU
		{CE0F34D7-5E44-42FA-8F27-5478D8C5EB07}.Release|Any CPU.Build.0 = Release|Any CPU
		{A727D782-957D-4A3A-80CE-BD2ED1532E8E}.Debug|Any CPU.ActiveCfg = Debug|Any CPU
		{A727D782-957D-4A3A-80CE-BD2ED1532E8E}.Debug|Any CPU.Build.0 = Debug|Any CPU
		{A727D782-957D-4A3A-80CE-BD2ED1532E8E}.Release|Any CPU.ActiveCfg = Release|Any CPU
		{A727D782-957D-4A3A-80CE-BD2ED1532E8E}.Release|Any CPU.Build.0 = Release|Any CPU
	EndGlobalSection
	GlobalSection(SolutionProperties) = preSolution
		HideSolutionNode = FALSE
	EndGlobalSection
	GlobalSection(NestedProjects) = preSolution
		{58A5D030-D356-4716-B244-C3A58B15E8A5} = {AA787F6C-3221-4390-ACEB-B5AC5B8CD126}
		{A7A0C38F-48DE-47F0-B43F-E0B86C95178C} = {8A11FE0A-BB00-480D-B8B5-B10F12B38AA6}
		{1B05318C-72BD-4017-8DB9-CE793AA82C91} = {A7A0C38F-48DE-47F0-B43F-E0B86C95178C}
		{18509692-BDC1-4420-84C9-85216CB2ADCC} = {A7A0C38F-48DE-47F0-B43F-E0B86C95178C}
		{EBE0D893-A87B-43CC-8BCF-C8DA2B48737D} = {A7A0C38F-48DE-47F0-B43F-E0B86C95178C}
		{88E7D419-F766-49C5-9C35-3BEB53774E0C} = {E7373168-0F96-430B-8CB2-8283DC3DFC2D}
		{5DB58EC8-2936-459D-9295-C5056B8E1961} = {E7373168-0F96-430B-8CB2-8283DC3DFC2D}
		{1DB61317-C940-4553-A685-FFBB8FF7D2CA} = {416D46FB-2631-48E0-B560-08D5A1235DFB}
		{97888699-7897-4351-AACD-A35629518FB4} = {AA787F6C-3221-4390-ACEB-B5AC5B8CD126}
		{D0539B1C-BB8E-4171-AB53-05490571BA47} = {97888699-7897-4351-AACD-A35629518FB4}
		{F1F1CF0F-328C-46AE-A2F9-212B7C29FAF7} = {AA787F6C-3221-4390-ACEB-B5AC5B8CD126}
		{E7373168-0F96-430B-8CB2-8283DC3DFC2D} = {58A5D030-D356-4716-B244-C3A58B15E8A5}
		{2F0F2AF5-C7E7-4888-BDAB-0653AD35A62F} = {056EABF8-FB89-48FC-8B58-22D414C2915B}
		{B33CD98D-0D07-4B87-9E4A-C215296110A5} = {2F0F2AF5-C7E7-4888-BDAB-0653AD35A62F}
		{103A7913-8841-46D6-B725-2ABBAF15E4DD} = {2F0F2AF5-C7E7-4888-BDAB-0653AD35A62F}
		{A79249B7-E340-465C-B6AC-29A6D89FD4B3} = {2F0F2AF5-C7E7-4888-BDAB-0653AD35A62F}
		{C236B3DE-3402-4F4D-9C6F-8DE49655B8AA} = {D0539B1C-BB8E-4171-AB53-05490571BA47}
		{F3BFD8FB-6CF1-4B69-BB48-8DBC86BBB76C} = {5DB58EC8-2936-459D-9295-C5056B8E1961}
		{FA146DD8-3A58-4C10-A897-D3BF51172AF0} = {5DB58EC8-2936-459D-9295-C5056B8E1961}
		{BC766B6A-F4E9-4331-A249-FB9B172F8161} = {5DB58EC8-2936-459D-9295-C5056B8E1961}
		{96471349-776A-4FF5-8F01-A22168624C0F} = {5DB58EC8-2936-459D-9295-C5056B8E1961}
		{96AAD7D2-BC44-4A15-92BB-3E54BCB397C6} = {88E7D419-F766-49C5-9C35-3BEB53774E0C}
		{60CBEB77-A782-4848-9B98-C1C69A5A2730} = {570356C8-E5EF-47B0-8EC4-D951DF791E95}
		{B3FCEA11-8452-46F8-9F91-D2830AD532EF} = {60CBEB77-A782-4848-9B98-C1C69A5A2730}
		{39C759AC-6D14-479F-B285-7EAB04D03261} = {D0539B1C-BB8E-4171-AB53-05490571BA47}
		{A5A76BFD-BF53-402F-9006-F52C969124FE} = {F1F1CF0F-328C-46AE-A2F9-212B7C29FAF7}
		{0D50E8F6-4E6F-4DBA-B15F-2113C0716154} = {A5A76BFD-BF53-402F-9006-F52C969124FE}
		{749599CA-0906-43E7-9A67-CEA78AB68697} = {656F7A00-D4C2-4F11-B555-A6CF8D0A3AB4}
		{4976F2F4-75B9-4D17-9CD1-507589D8925A} = {A5A76BFD-BF53-402F-9006-F52C969124FE}
		{D9F63CB6-EEF5-4B7B-BF1F-19AB2B571065} = {AA787F6C-3221-4390-ACEB-B5AC5B8CD126}
		{6290866E-AA4B-4B6D-A50D-AD20DC895C1A} = {D9F63CB6-EEF5-4B7B-BF1F-19AB2B571065}
		{4F2FD4E8-288F-4BDB-95F8-BE43701309E5} = {656F7A00-D4C2-4F11-B555-A6CF8D0A3AB4}
		{2F00B808-EDFE-4B98-8CF8-47E8585ACD9D} = {656F7A00-D4C2-4F11-B555-A6CF8D0A3AB4}
		{8B1FC647-8E05-49DB-B47E-2441BAA81CA4} = {4F2FD4E8-288F-4BDB-95F8-BE43701309E5}
		{FA874D91-1149-4E27-B8A1-B6B15FA60C87} = {4F2FD4E8-288F-4BDB-95F8-BE43701309E5}
		{D508FBC2-9E11-4C63-BE6B-77976C29163A} = {2F00B808-EDFE-4B98-8CF8-47E8585ACD9D}
		{624293E1-6246-4DB7-8913-C9FC0065BB04} = {2F00B808-EDFE-4B98-8CF8-47E8585ACD9D}
		{FDFE230F-3B6E-4D94-9126-12C8849FC9E8} = {656F7A00-D4C2-4F11-B555-A6CF8D0A3AB4}
		{55568EB9-77CF-4EE9-9097-6F08CBB1F7BD} = {FDFE230F-3B6E-4D94-9126-12C8849FC9E8}
		{32E2BAF6-63E0-456E-8A05-9CD328289441} = {656F7A00-D4C2-4F11-B555-A6CF8D0A3AB4}
		{F081A85B-25BB-4B69-B1FE-F367C010F20B} = {32E2BAF6-63E0-456E-8A05-9CD328289441}
		{0F2374DC-3C50-45BF-94BA-9456361180C2} = {D0539B1C-BB8E-4171-AB53-05490571BA47}
		{316FD954-21E9-48E7-88BF-C38BFC5B584C} = {FEC587B7-A8E3-4575-BCAE-250BCF2FF5E7}
		{18115039-A702-4096-8174-A368C6030D81} = {FEC587B7-A8E3-4575-BCAE-250BCF2FF5E7}
		{6D801FD1-1A44-47DC-BC68-A5BA15C84939} = {18115039-A702-4096-8174-A368C6030D81}
		{3FA63762-25E8-4150-9B90-6B5C74538C0E} = {18115039-A702-4096-8174-A368C6030D81}
		{F914062B-C9D1-48A6-9C88-B54186B7C9A7} = {AA787F6C-3221-4390-ACEB-B5AC5B8CD126}
		{B7FB31AE-FE00-482C-909D-A8519497D84D} = {F914062B-C9D1-48A6-9C88-B54186B7C9A7}
		{3DD11B4E-5C88-4F6D-BF17-AEABE1372298} = {B7FB31AE-FE00-482C-909D-A8519497D84D}
		{CE0F34D7-5E44-42FA-8F27-5478D8C5EB07} = {B7FB31AE-FE00-482C-909D-A8519497D84D}
		{A727D782-957D-4A3A-80CE-BD2ED1532E8E} = {B7FB31AE-FE00-482C-909D-A8519497D84D}
		{EDE15A24-70ED-4432-8E17-0EB318C7FFAE} = {AA787F6C-3221-4390-ACEB-B5AC5B8CD126}
	EndGlobalSection
	GlobalSection(ExtensibilityGlobals) = postSolution
		SolutionGuid = {E65D7B53-8E92-4180-8114-508FF262B516}
	EndGlobalSection
EndGlobal
