
Microsoft Visual Studio Solution File, Format Version 12.00
# Visual Studio Version 17
VisualStudioVersion = 17.0.32112.339
MinimumVisualStudioVersion = 10.0.40219.1
Project("{2150E333-8FDC-42A3-9474-1A3956D46DE8}") = "TestApp", "TestApp", "{FFD4A36E-EFA2-4A90-AB2B-5D941A368DE3}"
EndProject
Project("{FAE04EC0-301F-11D3-BF4B-00C04F79EFBC}") = "WebApplication1", "WebApplication1\WebApplication1.csproj", "{B66FF035-AA4A-43D9-90DC-7C56FF79B988}"
EndProject
Global
	GlobalSection(SolutionConfigurationPlatforms) = preSolution
		Debug|Any CPU = Debug|Any CPU
		Release|Any CPU = Release|Any CPU
	EndGlobalSection
	GlobalSection(ProjectConfigurationPlatforms) = postSolution
		{B66FF035-AA4A-43D9-90DC-7C56FF79B988}.Debug|Any CPU.ActiveCfg = Debug|Any CPU
		{B66FF035-AA4A-43D9-90DC-7C56FF79B988}.Debug|Any CPU.Build.0 = Debug|Any CPU
		{B66FF035-AA4A-43D9-90DC-7C56FF79B988}.Release|Any CPU.ActiveCfg = Release|Any CPU
		{B66FF035-AA4A-43D9-90DC-7C56FF79B988}.Release|Any CPU.Build.0 = Release|Any CPU
	EndGlobalSection
	GlobalSection(SolutionProperties) = preSolution
		HideSolutionNode = FALSE
	EndGlobalSection
	GlobalSection(NestedProjects) = preSolution
		{B66FF035-AA4A-43D9-90DC-7C56FF79B988} = {FFD4A36E-EFA2-4A90-AB2B-5D941A368DE3}
	EndGlobalSection
	GlobalSection(ExtensibilityGlobals) = postSolution
		SolutionGuid = {CC0097E2-DD1D-4AAD-BBD5-DB5BF9D3E77E}
	EndGlobalSection
EndGlobal
