
Microsoft Visual Studio Solution File, Format Version 12.00
# Visual Studio Version 17
VisualStudioVersion = 17.0.32014.148
MinimumVisualStudioVersion = 10.0.40219.1
Project("{2150E333-8FDC-42A3-9474-1A3956D46DE8}") = "RedisLibrary", "RedisLibrary", "{DC5E63BB-2905-4083-838C-4943175FC411}"
EndProject
Project("{9A19103F-16F7-4668-BE54-9A1E7A4F7556}") = "EasyRedisTest", "EasyRedisTest\EasyRedisTest.csproj", "{03129B45-4144-41E4-8AD8-A7C93D5085D1}"
EndProject
Project("{FAE04EC0-301F-11D3-BF4B-00C04F79EFBC}") = "EasyToUse.Redis", "EasyToUse.Redis\EasyToUse.Redis.csproj", "{0A113082-A3CD-4773-AEE6-5580C118B550}"
EndProject
Project("{FAE04EC0-301F-11D3-BF4B-00C04F79EFBC}") = "EasyToUse.StackExchange.Redis", "EasyToUse.StackExchange.Redis\EasyToUse.StackExchange.Redis.csproj", "{AFD54C4A-8ACE-4BFA-AB3D-EE9A9E29F2E5}"
EndProject
Project("{FAE04EC0-301F-11D3-BF4B-00C04F79EFBC}") = "EasyToUse.CsRedis", "EasyToUse.CsRedis\EasyToUse.CsRedis.csproj", "{DF1FE5F6-F4FD-440A-BA21-E8D1A2C3167C}"
EndProject
Global
	GlobalSection(SolutionConfigurationPlatforms) = preSolution
		Debug|Any CPU = Debug|Any CPU
		Release|Any CPU = Release|Any CPU
	EndGlobalSection
	GlobalSection(ProjectConfigurationPlatforms) = postSolution
		{03129B45-4144-41E4-8AD8-A7C93D5085D1}.Debug|Any CPU.ActiveCfg = Debug|Any CPU
		{03129B45-4144-41E4-8AD8-A7C93D5085D1}.Debug|Any CPU.Build.0 = Debug|Any CPU
		{03129B45-4144-41E4-8AD8-A7C93D5085D1}.Release|Any CPU.ActiveCfg = Release|Any CPU
		{03129B45-4144-41E4-8AD8-A7C93D5085D1}.Release|Any CPU.Build.0 = Release|Any CPU
		{0A113082-A3CD-4773-AEE6-5580C118B550}.Debug|Any CPU.ActiveCfg = Debug|Any CPU
		{0A113082-A3CD-4773-AEE6-5580C118B550}.Debug|Any CPU.Build.0 = Debug|Any CPU
		{0A113082-A3CD-4773-AEE6-5580C118B550}.Release|Any CPU.ActiveCfg = Release|Any CPU
		{0A113082-A3CD-4773-AEE6-5580C118B550}.Release|Any CPU.Build.0 = Release|Any CPU
		{AFD54C4A-8ACE-4BFA-AB3D-EE9A9E29F2E5}.Debug|Any CPU.ActiveCfg = Debug|Any CPU
		{AFD54C4A-8ACE-4BFA-AB3D-EE9A9E29F2E5}.Debug|Any CPU.Build.0 = Debug|Any CPU
		{AFD54C4A-8ACE-4BFA-AB3D-EE9A9E29F2E5}.Release|Any CPU.ActiveCfg = Release|Any CPU
		{AFD54C4A-8ACE-4BFA-AB3D-EE9A9E29F2E5}.Release|Any CPU.Build.0 = Release|Any CPU
		{DF1FE5F6-F4FD-440A-BA21-E8D1A2C3167C}.Debug|Any CPU.ActiveCfg = Debug|Any CPU
		{DF1FE5F6-F4FD-440A-BA21-E8D1A2C3167C}.Debug|Any CPU.Build.0 = Debug|Any CPU
		{DF1FE5F6-F4FD-440A-BA21-E8D1A2C3167C}.Release|Any CPU.ActiveCfg = Release|Any CPU
		{DF1FE5F6-F4FD-440A-BA21-E8D1A2C3167C}.Release|Any CPU.Build.0 = Release|Any CPU
	EndGlobalSection
	GlobalSection(SolutionProperties) = preSolution
		HideSolutionNode = FALSE
	EndGlobalSection
	GlobalSection(NestedProjects) = preSolution
		{03129B45-4144-41E4-8AD8-A7C93D5085D1} = {DC5E63BB-2905-4083-838C-4943175FC411}
		{0A113082-A3CD-4773-AEE6-5580C118B550} = {DC5E63BB-2905-4083-838C-4943175FC411}
		{AFD54C4A-8ACE-4BFA-AB3D-EE9A9E29F2E5} = {DC5E63BB-2905-4083-838C-4943175FC411}
		{DF1FE5F6-F4FD-440A-BA21-E8D1A2C3167C} = {DC5E63BB-2905-4083-838C-4943175FC411}
	EndGlobalSection
	GlobalSection(ExtensibilityGlobals) = postSolution
		SolutionGuid = {F410161A-A22F-4441-B3D9-C00B1A5D00F4}
	EndGlobalSection
EndGlobal
