
Microsoft Visual Studio Solution File, Format Version 12.00
# Visual Studio Version 17
VisualStudioVersion = 17.0.32014.148
MinimumVisualStudioVersion = 10.0.40219.1
Project("{2150E333-8FDC-42A3-9474-1A3956D46DE8}") = "ServiceInvocation", "ServiceInvocation", "{E4059D6E-461C-4D8D-9E26-29F5CE43DC2F}"
EndProject
Project("{2150E333-8FDC-42A3-9474-1A3956D46DE8}") = "FrontEnd", "FrontEnd", "{C805AF91-7FF9-4A71-9867-C82AC80EA096}"
EndProject
Project("{FAE04EC0-301F-11D3-BF4B-00C04F79EFBC}") = "FrontEnd.Api", "FrontEnd.Api\FrontEnd.Api.csproj", "{54DD13EA-69CD-4AF0-B3E2-EDE1D93B00B1}"
EndProject
Project("{2150E333-8FDC-42A3-9474-1A3956D46DE8}") = "BackEnd", "BackEnd", "{28D2B148-D39D-4CFA-B51D-A0CBAF09BF36}"
EndProject
Project("{FAE04EC0-301F-11D3-BF4B-00C04F79EFBC}") = "BackEnd.Api", "BackEnd.Api\BackEnd.Api.csproj", "{DE5B9034-1BCB-45D2-A2C6-9EC17FC02D09}"
EndProject
Project("{E53339B2-1760-4266-BCC7-CA923CBCF16C}") = "docker-compose", "docker-compose.dcproj", "{C61BD81A-8C4A-40F0-819C-339AD2AEA871}"
EndProject
Global
	GlobalSection(SolutionConfigurationPlatforms) = preSolution
		Debug|Any CPU = Debug|Any CPU
		Release|Any CPU = Release|Any CPU
	EndGlobalSection
	GlobalSection(ProjectConfigurationPlatforms) = postSolution
		{54DD13EA-69CD-4AF0-B3E2-EDE1D93B00B1}.Debug|Any CPU.ActiveCfg = Debug|Any CPU
		{54DD13EA-69CD-4AF0-B3E2-EDE1D93B00B1}.Debug|Any CPU.Build.0 = Debug|Any CPU
		{54DD13EA-69CD-4AF0-B3E2-EDE1D93B00B1}.Release|Any CPU.ActiveCfg = Release|Any CPU
		{54DD13EA-69CD-4AF0-B3E2-EDE1D93B00B1}.Release|Any CPU.Build.0 = Release|Any CPU
		{DE5B9034-1BCB-45D2-A2C6-9EC17FC02D09}.Debug|Any CPU.ActiveCfg = Debug|Any CPU
		{DE5B9034-1BCB-45D2-A2C6-9EC17FC02D09}.Debug|Any CPU.Build.0 = Debug|Any CPU
		{DE5B9034-1BCB-45D2-A2C6-9EC17FC02D09}.Release|Any CPU.ActiveCfg = Release|Any CPU
		{DE5B9034-1BCB-45D2-A2C6-9EC17FC02D09}.Release|Any CPU.Build.0 = Release|Any CPU
		{C61BD81A-8C4A-40F0-819C-339AD2AEA871}.Debug|Any CPU.ActiveCfg = Debug|Any CPU
		{C61BD81A-8C4A-40F0-819C-339AD2AEA871}.Debug|Any CPU.Build.0 = Debug|Any CPU
		{C61BD81A-8C4A-40F0-819C-339AD2AEA871}.Release|Any CPU.ActiveCfg = Release|Any CPU
		{C61BD81A-8C4A-40F0-819C-339AD2AEA871}.Release|Any CPU.Build.0 = Release|Any CPU
	EndGlobalSection
	GlobalSection(SolutionProperties) = preSolution
		HideSolutionNode = FALSE
	EndGlobalSection
	GlobalSection(NestedProjects) = preSolution
		{C805AF91-7FF9-4A71-9867-C82AC80EA096} = {E4059D6E-461C-4D8D-9E26-29F5CE43DC2F}
		{54DD13EA-69CD-4AF0-B3E2-EDE1D93B00B1} = {C805AF91-7FF9-4A71-9867-C82AC80EA096}
		{28D2B148-D39D-4CFA-B51D-A0CBAF09BF36} = {E4059D6E-461C-4D8D-9E26-29F5CE43DC2F}
		{DE5B9034-1BCB-45D2-A2C6-9EC17FC02D09} = {28D2B148-D39D-4CFA-B51D-A0CBAF09BF36}
	EndGlobalSection
	GlobalSection(ExtensibilityGlobals) = postSolution
		SolutionGuid = {57047CA5-78F5-4431-B17C-A421C791CE79}
	EndGlobalSection
EndGlobal
