
Microsoft Visual Studio Solution File, Format Version 12.00
# Visual Studio Version 17
VisualStudioVersion = 17.0.32112.339
MinimumVisualStudioVersion = 10.0.40219.1
Project("{2150E333-8FDC-42A3-9474-1A3956D46DE8}") = "Mongo", "Mongo", "{EB66EC88-C698-43C2-9A04-E6AAC90F4DEA}"
EndProject
Project("{9A19103F-16F7-4668-BE54-9A1E7A4F7556}") = "MongoSample", "MongoSample\MongoSample.csproj", "{CA560126-DBEC-4369-B6BA-E3DBD2911417}"
EndProject
Project("{2150E333-8FDC-42A3-9474-1A3956D46DE8}") = "Redis", "Redis", "{8634A2D4-7FE4-4BD2-A243-8BE5F225990D}"
EndProject
Project("{2150E333-8FDC-42A3-9474-1A3956D46DE8}") = "ElasticSearch", "ElasticSearch", "{B5BF5B8B-22EA-4416-82FC-709FE8D53C2A}"
EndProject
Project("{2150E333-8FDC-42A3-9474-1A3956D46DE8}") = "Rabbitmq", "Rabbitmq", "{B1702A13-3C5F-4E02-B16E-710339A50603}"
EndProject
Project("{2150E333-8FDC-42A3-9474-1A3956D46DE8}") = "helloworldSample", "helloworldSample", "{D886801D-565F-4B16-86DF-502335A7C9A0}"
EndProject
Project("{9A19103F-16F7-4668-BE54-9A1E7A4F7556}") = "helloworld.Send", "helloworld.Send\helloworld.Send.csproj", "{C76AE824-9D86-4778-A241-9ED06B72061F}"
EndProject
Project("{9A19103F-16F7-4668-BE54-9A1E7A4F7556}") = "helloworld.Receive", "helloworld.Receive\helloworld.Receive.csproj", "{A7859F3B-3615-4BFB-A6F4-09024F608A40}"
EndProject
Project("{2150E333-8FDC-42A3-9474-1A3956D46DE8}") = "WorkerQueueSample", "WorkerQueueSample", "{53AAEFB0-9548-4694-8FCC-3A48D0D14AC9}"
EndProject
Project("{9A19103F-16F7-4668-BE54-9A1E7A4F7556}") = "NewTask", "NewTask\NewTask.csproj", "{E9994F42-D82B-4F1A-9885-B7650C6CB55F}"
EndProject
Project("{9A19103F-16F7-4668-BE54-9A1E7A4F7556}") = "Worker", "Worker\Worker.csproj", "{DF1CF6C5-6EA4-4193-89B9-257DB420C980}"
EndProject
Project("{9A19103F-16F7-4668-BE54-9A1E7A4F7556}") = "ElasticSearchSample", "ElasticSearchSample\ElasticSearchSample.csproj", "{F8FDC996-B642-46BD-8657-3D13DC97FBFE}"
EndProject
Project("{9A19103F-16F7-4668-BE54-9A1E7A4F7556}") = "RedisSample", "RedisSample\RedisSample.csproj", "{D4356E1B-3458-49A7-9F2A-B7E64F60013F}"
EndProject
Project("{2150E333-8FDC-42A3-9474-1A3956D46DE8}") = "Publish-Subscribe", "Publish-Subscribe", "{8C159BC1-8E20-4B9D-8D11-BD96E7A5454B}"
EndProject
Project("{9A19103F-16F7-4668-BE54-9A1E7A4F7556}") = "PublishSample", "PublishSample\PublishSample.csproj", "{7DBCA03A-148E-4B30-84F8-B5D865766A7A}"
EndProject
Project("{2150E333-8FDC-42A3-9474-1A3956D46DE8}") = "Subscribe", "Subscribe", "{AC2636CC-ACBC-4D0F-9765-48368B5645AD}"
EndProject
Project("{9A19103F-16F7-4668-BE54-9A1E7A4F7556}") = "SubscribeOne", "SubscribeOne\SubscribeOne.csproj", "{97D941D5-B573-486F-ACC4-6378E73CC268}"
EndProject
Project("{9A19103F-16F7-4668-BE54-9A1E7A4F7556}") = "SubscribeTwo", "SubscribeTwo\SubscribeTwo.csproj", "{09912098-3CD8-438F-BC6A-5579C05AAB47}"
EndProject
Project("{2150E333-8FDC-42A3-9474-1A3956D46DE8}") = "Routing", "Routing", "{B02926F3-FCDD-48EF-BC31-6AEB0F583798}"
EndProject
Project("{9A19103F-16F7-4668-BE54-9A1E7A4F7556}") = "EmitLogDirectSample", "EmitLogDirectSample\EmitLogDirectSample.csproj", "{844D60A9-EC60-48AE-8A56-7C803D9801F9}"
EndProject
Project("{9A19103F-16F7-4668-BE54-9A1E7A4F7556}") = "ReceiveLogsDirectSample", "ReceiveLogsDirectSample\ReceiveLogsDirectSample.csproj", "{ED9D0B08-78BC-45C1-9E01-3585964CDE74}"
EndProject
Project("{2150E333-8FDC-42A3-9474-1A3956D46DE8}") = "Topic", "Topic", "{1F881FAB-1A76-4F2E-8FAD-63CB4E6D29AD}"
EndProject
Project("{FAE04EC0-301F-11D3-BF4B-00C04F79EFBC}") = "Producer_Topic", "Producer_Topic\Producer_Topic.csproj", "{D1BED1AF-796A-42F2-B8EB-35F249522A9C}"
EndProject
Project("{FAE04EC0-301F-11D3-BF4B-00C04F79EFBC}") = "Consumer_Topic", "Consumer_Topic\Consumer_Topic.csproj", "{C1E46136-EA1F-4711-AE26-E5D8ADC967D2}"
EndProject
Global
	GlobalSection(SolutionConfigurationPlatforms) = preSolution
		Debug|Any CPU = Debug|Any CPU
		Release|Any CPU = Release|Any CPU
	EndGlobalSection
	GlobalSection(ProjectConfigurationPlatforms) = postSolution
		{CA560126-DBEC-4369-B6BA-E3DBD2911417}.Debug|Any CPU.ActiveCfg = Debug|Any CPU
		{CA560126-DBEC-4369-B6BA-E3DBD2911417}.Debug|Any CPU.Build.0 = Debug|Any CPU
		{CA560126-DBEC-4369-B6BA-E3DBD2911417}.Release|Any CPU.ActiveCfg = Release|Any CPU
		{CA560126-DBEC-4369-B6BA-E3DBD2911417}.Release|Any CPU.Build.0 = Release|Any CPU
		{C76AE824-9D86-4778-A241-9ED06B72061F}.Debug|Any CPU.ActiveCfg = Debug|Any CPU
		{C76AE824-9D86-4778-A241-9ED06B72061F}.Debug|Any CPU.Build.0 = Debug|Any CPU
		{C76AE824-9D86-4778-A241-9ED06B72061F}.Release|Any CPU.ActiveCfg = Release|Any CPU
		{C76AE824-9D86-4778-A241-9ED06B72061F}.Release|Any CPU.Build.0 = Release|Any CPU
		{A7859F3B-3615-4BFB-A6F4-09024F608A40}.Debug|Any CPU.ActiveCfg = Debug|Any CPU
		{A7859F3B-3615-4BFB-A6F4-09024F608A40}.Debug|Any CPU.Build.0 = Debug|Any CPU
		{A7859F3B-3615-4BFB-A6F4-09024F608A40}.Release|Any CPU.ActiveCfg = Release|Any CPU
		{A7859F3B-3615-4BFB-A6F4-09024F608A40}.Release|Any CPU.Build.0 = Release|Any CPU
		{E9994F42-D82B-4F1A-9885-B7650C6CB55F}.Debug|Any CPU.ActiveCfg = Debug|Any CPU
		{E9994F42-D82B-4F1A-9885-B7650C6CB55F}.Debug|Any CPU.Build.0 = Debug|Any CPU
		{E9994F42-D82B-4F1A-9885-B7650C6CB55F}.Release|Any CPU.ActiveCfg = Release|Any CPU
		{E9994F42-D82B-4F1A-9885-B7650C6CB55F}.Release|Any CPU.Build.0 = Release|Any CPU
		{DF1CF6C5-6EA4-4193-89B9-257DB420C980}.Debug|Any CPU.ActiveCfg = Debug|Any CPU
		{DF1CF6C5-6EA4-4193-89B9-257DB420C980}.Debug|Any CPU.Build.0 = Debug|Any CPU
		{DF1CF6C5-6EA4-4193-89B9-257DB420C980}.Release|Any CPU.ActiveCfg = Release|Any CPU
		{DF1CF6C5-6EA4-4193-89B9-257DB420C980}.Release|Any CPU.Build.0 = Release|Any CPU
		{F8FDC996-B642-46BD-8657-3D13DC97FBFE}.Debug|Any CPU.ActiveCfg = Debug|Any CPU
		{F8FDC996-B642-46BD-8657-3D13DC97FBFE}.Debug|Any CPU.Build.0 = Debug|Any CPU
		{F8FDC996-B642-46BD-8657-3D13DC97FBFE}.Release|Any CPU.ActiveCfg = Release|Any CPU
		{F8FDC996-B642-46BD-8657-3D13DC97FBFE}.Release|Any CPU.Build.0 = Release|Any CPU
		{D4356E1B-3458-49A7-9F2A-B7E64F60013F}.Debug|Any CPU.ActiveCfg = Debug|Any CPU
		{D4356E1B-3458-49A7-9F2A-B7E64F60013F}.Debug|Any CPU.Build.0 = Debug|Any CPU
		{D4356E1B-3458-49A7-9F2A-B7E64F60013F}.Release|Any CPU.ActiveCfg = Release|Any CPU
		{D4356E1B-3458-49A7-9F2A-B7E64F60013F}.Release|Any CPU.Build.0 = Release|Any CPU
		{7DBCA03A-148E-4B30-84F8-B5D865766A7A}.Debug|Any CPU.ActiveCfg = Debug|Any CPU
		{7DBCA03A-148E-4B30-84F8-B5D865766A7A}.Debug|Any CPU.Build.0 = Debug|Any CPU
		{7DBCA03A-148E-4B30-84F8-B5D865766A7A}.Release|Any CPU.ActiveCfg = Release|Any CPU
		{7DBCA03A-148E-4B30-84F8-B5D865766A7A}.Release|Any CPU.Build.0 = Release|Any CPU
		{97D941D5-B573-486F-ACC4-6378E73CC268}.Debug|Any CPU.ActiveCfg = Debug|Any CPU
		{97D941D5-B573-486F-ACC4-6378E73CC268}.Debug|Any CPU.Build.0 = Debug|Any CPU
		{97D941D5-B573-486F-ACC4-6378E73CC268}.Release|Any CPU.ActiveCfg = Release|Any CPU
		{97D941D5-B573-486F-ACC4-6378E73CC268}.Release|Any CPU.Build.0 = Release|Any CPU
		{09912098-3CD8-438F-BC6A-5579C05AAB47}.Debug|Any CPU.ActiveCfg = Debug|Any CPU
		{09912098-3CD8-438F-BC6A-5579C05AAB47}.Debug|Any CPU.Build.0 = Debug|Any CPU
		{09912098-3CD8-438F-BC6A-5579C05AAB47}.Release|Any CPU.ActiveCfg = Release|Any CPU
		{09912098-3CD8-438F-BC6A-5579C05AAB47}.Release|Any CPU.Build.0 = Release|Any CPU
		{844D60A9-EC60-48AE-8A56-7C803D9801F9}.Debug|Any CPU.ActiveCfg = Debug|Any CPU
		{844D60A9-EC60-48AE-8A56-7C803D9801F9}.Debug|Any CPU.Build.0 = Debug|Any CPU
		{844D60A9-EC60-48AE-8A56-7C803D9801F9}.Release|Any CPU.ActiveCfg = Release|Any CPU
		{844D60A9-EC60-48AE-8A56-7C803D9801F9}.Release|Any CPU.Build.0 = Release|Any CPU
		{ED9D0B08-78BC-45C1-9E01-3585964CDE74}.Debug|Any CPU.ActiveCfg = Debug|Any CPU
		{ED9D0B08-78BC-45C1-9E01-3585964CDE74}.Debug|Any CPU.Build.0 = Debug|Any CPU
		{ED9D0B08-78BC-45C1-9E01-3585964CDE74}.Release|Any CPU.ActiveCfg = Release|Any CPU
		{ED9D0B08-78BC-45C1-9E01-3585964CDE74}.Release|Any CPU.Build.0 = Release|Any CPU
		{D1BED1AF-796A-42F2-B8EB-35F249522A9C}.Debug|Any CPU.ActiveCfg = Debug|Any CPU
		{D1BED1AF-796A-42F2-B8EB-35F249522A9C}.Debug|Any CPU.Build.0 = Debug|Any CPU
		{D1BED1AF-796A-42F2-B8EB-35F249522A9C}.Release|Any CPU.ActiveCfg = Release|Any CPU
		{D1BED1AF-796A-42F2-B8EB-35F249522A9C}.Release|Any CPU.Build.0 = Release|Any CPU
		{C1E46136-EA1F-4711-AE26-E5D8ADC967D2}.Debug|Any CPU.ActiveCfg = Debug|Any CPU
		{C1E46136-EA1F-4711-AE26-E5D8ADC967D2}.Debug|Any CPU.Build.0 = Debug|Any CPU
		{C1E46136-EA1F-4711-AE26-E5D8ADC967D2}.Release|Any CPU.ActiveCfg = Release|Any CPU
		{C1E46136-EA1F-4711-AE26-E5D8ADC967D2}.Release|Any CPU.Build.0 = Release|Any CPU
	EndGlobalSection
	GlobalSection(SolutionProperties) = preSolution
		HideSolutionNode = FALSE
	EndGlobalSection
	GlobalSection(NestedProjects) = preSolution
		{CA560126-DBEC-4369-B6BA-E3DBD2911417} = {EB66EC88-C698-43C2-9A04-E6AAC90F4DEA}
		{D886801D-565F-4B16-86DF-502335A7C9A0} = {B1702A13-3C5F-4E02-B16E-710339A50603}
		{C76AE824-9D86-4778-A241-9ED06B72061F} = {D886801D-565F-4B16-86DF-502335A7C9A0}
		{A7859F3B-3615-4BFB-A6F4-09024F608A40} = {D886801D-565F-4B16-86DF-502335A7C9A0}
		{53AAEFB0-9548-4694-8FCC-3A48D0D14AC9} = {B1702A13-3C5F-4E02-B16E-710339A50603}
		{E9994F42-D82B-4F1A-9885-B7650C6CB55F} = {53AAEFB0-9548-4694-8FCC-3A48D0D14AC9}
		{DF1CF6C5-6EA4-4193-89B9-257DB420C980} = {53AAEFB0-9548-4694-8FCC-3A48D0D14AC9}
		{F8FDC996-B642-46BD-8657-3D13DC97FBFE} = {B5BF5B8B-22EA-4416-82FC-709FE8D53C2A}
		{D4356E1B-3458-49A7-9F2A-B7E64F60013F} = {8634A2D4-7FE4-4BD2-A243-8BE5F225990D}
		{8C159BC1-8E20-4B9D-8D11-BD96E7A5454B} = {B1702A13-3C5F-4E02-B16E-710339A50603}
		{7DBCA03A-148E-4B30-84F8-B5D865766A7A} = {8C159BC1-8E20-4B9D-8D11-BD96E7A5454B}
		{AC2636CC-ACBC-4D0F-9765-48368B5645AD} = {8C159BC1-8E20-4B9D-8D11-BD96E7A5454B}
		{97D941D5-B573-486F-ACC4-6378E73CC268} = {AC2636CC-ACBC-4D0F-9765-48368B5645AD}
		{09912098-3CD8-438F-BC6A-5579C05AAB47} = {AC2636CC-ACBC-4D0F-9765-48368B5645AD}
		{B02926F3-FCDD-48EF-BC31-6AEB0F583798} = {B1702A13-3C5F-4E02-B16E-710339A50603}
		{844D60A9-EC60-48AE-8A56-7C803D9801F9} = {B02926F3-FCDD-48EF-BC31-6AEB0F583798}
		{ED9D0B08-78BC-45C1-9E01-3585964CDE74} = {B02926F3-FCDD-48EF-BC31-6AEB0F583798}
		{1F881FAB-1A76-4F2E-8FAD-63CB4E6D29AD} = {B1702A13-3C5F-4E02-B16E-710339A50603}
		{D1BED1AF-796A-42F2-B8EB-35F249522A9C} = {1F881FAB-1A76-4F2E-8FAD-63CB4E6D29AD}
		{C1E46136-EA1F-4711-AE26-E5D8ADC967D2} = {1F881FAB-1A76-4F2E-8FAD-63CB4E6D29AD}
	EndGlobalSection
	GlobalSection(ExtensibilityGlobals) = postSolution
		SolutionGuid = {AF9689CE-2E22-4919-A886-874A686A5DF9}
	EndGlobalSection
EndGlobal
