
Microsoft Visual Studio Solution File, Format Version 12.00
# Visual Studio Version 17
VisualStudioVersion = 17.0.31903.59
MinimumVisualStudioVersion = 10.0.40219.1
Project("{2150E333-8FDC-42A3-9474-1A3956D46DE8}") = "KnowledgePoints", "KnowledgePoints", "{47AD24C5-BAE4-44A0-9A14-E96D6EE90EB0}"
EndProject
Project("{2150E333-8FDC-42A3-9474-1A3956D46DE8}") = "IOC", "IOC", "{AAD121FD-5D91-4ACE-B507-B9192956DBFE}"
EndProject
Project("{2150E333-8FDC-42A3-9474-1A3956D46DE8}") = "yzk", "yzk", "{1B29C72C-2663-4755-BB48-CE6C95F90531}"
EndProject
Project("{9A19103F-16F7-4668-BE54-9A1E7A4F7556}") = "IOCDemo.zyk", "KnowledgePoints\IOC\yzk\IOCDemo.zyk\IOCDemo.zyk.csproj", "{50117155-A317-4471-9930-9233B87A02E3}"
EndProject
Project("{2150E333-8FDC-42A3-9474-1A3956D46DE8}") = "ABPVNext", "ABPVNext", "{E502E75D-EBCC-48BE-B8BB-FB1DF7956A63}"
EndProject
Project("{2150E333-8FDC-42A3-9474-1A3956D46DE8}") = "Official", "Official", "{FC741E83-B762-41B5-B1F5-B6388C21C60E}"
EndProject
Project("{2150E333-8FDC-42A3-9474-1A3956D46DE8}") = "TodoApp", "TodoApp", "{A1F6180C-1ACC-49EC-982F-66D156AABA29}"
EndProject
Project("{9A19103F-16F7-4668-BE54-9A1E7A4F7556}") = "TodoApp.Web", "ABPVNext\Official\TodoApp\src\TodoApp.Web\TodoApp.Web.csproj", "{748C61D7-5C8D-4065-AB1B-0339DAAA27D0}"
EndProject
Project("{9A19103F-16F7-4668-BE54-9A1E7A4F7556}") = "TodoApp.HttpApi.Client", "ABPVNext\Official\TodoApp\src\TodoApp.HttpApi.Client\TodoApp.HttpApi.Client.csproj", "{5094908C-836D-402D-8BE9-7CAD3FE9A53A}"
EndProject
Project("{9A19103F-16F7-4668-BE54-9A1E7A4F7556}") = "TodoApp.HttpApi", "ABPVNext\Official\TodoApp\src\TodoApp.HttpApi\TodoApp.HttpApi.csproj", "{CDBBB61E-D524-4C83-B16C-42B17D95178D}"
EndProject
Project("{9A19103F-16F7-4668-BE54-9A1E7A4F7556}") = "TodoApp.EntityFrameworkCore", "ABPVNext\Official\TodoApp\src\TodoApp.EntityFrameworkCore\TodoApp.EntityFrameworkCore.csproj", "{7BBFC841-5F25-4F02-B8DA-764FC70114D5}"
EndProject
Project("{9A19103F-16F7-4668-BE54-9A1E7A4F7556}") = "TodoApp.Domain.Shared", "ABPVNext\Official\TodoApp\src\TodoApp.Domain.Shared\TodoApp.Domain.Shared.csproj", "{2099625C-F1ED-4535-AE18-5A57B3A8E538}"
EndProject
Project("{9A19103F-16F7-4668-BE54-9A1E7A4F7556}") = "TodoApp.Domain", "ABPVNext\Official\TodoApp\src\TodoApp.Domain\TodoApp.Domain.csproj", "{4B60A778-3910-4648-B138-23AEEE68C91F}"
EndProject
Project("{9A19103F-16F7-4668-BE54-9A1E7A4F7556}") = "TodoApp.DbMigrator", "ABPVNext\Official\TodoApp\src\TodoApp.DbMigrator\TodoApp.DbMigrator.csproj", "{AB3DCA6D-D214-4951-B611-955B767D4423}"
EndProject
Project("{9A19103F-16F7-4668-BE54-9A1E7A4F7556}") = "TodoApp.Application.Contracts", "ABPVNext\Official\TodoApp\src\TodoApp.Application.Contracts\TodoApp.Application.Contracts.csproj", "{7A0B62A5-5D55-4ED0-BF74-D7E2A068C3B2}"
EndProject
Project("{9A19103F-16F7-4668-BE54-9A1E7A4F7556}") = "TodoApp.Application", "ABPVNext\Official\TodoApp\src\TodoApp.Application\TodoApp.Application.csproj", "{792DEF7F-22FC-4692-8BD9-05E2EF4CCF40}"
EndProject
Global
	GlobalSection(SolutionConfigurationPlatforms) = preSolution
		Debug|Any CPU = Debug|Any CPU
		Release|Any CPU = Release|Any CPU
	EndGlobalSection
	GlobalSection(ProjectConfigurationPlatforms) = postSolution
		{50117155-A317-4471-9930-9233B87A02E3}.Debug|Any CPU.ActiveCfg = Debug|Any CPU
		{50117155-A317-4471-9930-9233B87A02E3}.Debug|Any CPU.Build.0 = Debug|Any CPU
		{50117155-A317-4471-9930-9233B87A02E3}.Release|Any CPU.ActiveCfg = Release|Any CPU
		{50117155-A317-4471-9930-9233B87A02E3}.Release|Any CPU.Build.0 = Release|Any CPU
		{748C61D7-5C8D-4065-AB1B-0339DAAA27D0}.Debug|Any CPU.ActiveCfg = Debug|Any CPU
		{748C61D7-5C8D-4065-AB1B-0339DAAA27D0}.Debug|Any CPU.Build.0 = Debug|Any CPU
		{748C61D7-5C8D-4065-AB1B-0339DAAA27D0}.Release|Any CPU.ActiveCfg = Release|Any CPU
		{748C61D7-5C8D-4065-AB1B-0339DAAA27D0}.Release|Any CPU.Build.0 = Release|Any CPU
		{5094908C-836D-402D-8BE9-7CAD3FE9A53A}.Debug|Any CPU.ActiveCfg = Debug|Any CPU
		{5094908C-836D-402D-8BE9-7CAD3FE9A53A}.Debug|Any CPU.Build.0 = Debug|Any CPU
		{5094908C-836D-402D-8BE9-7CAD3FE9A53A}.Release|Any CPU.ActiveCfg = Release|Any CPU
		{5094908C-836D-402D-8BE9-7CAD3FE9A53A}.Release|Any CPU.Build.0 = Release|Any CPU
		{CDBBB61E-D524-4C83-B16C-42B17D95178D}.Debug|Any CPU.ActiveCfg = Debug|Any CPU
		{CDBBB61E-D524-4C83-B16C-42B17D95178D}.Debug|Any CPU.Build.0 = Debug|Any CPU
		{CDBBB61E-D524-4C83-B16C-42B17D95178D}.Release|Any CPU.ActiveCfg = Release|Any CPU
		{CDBBB61E-D524-4C83-B16C-42B17D95178D}.Release|Any CPU.Build.0 = Release|Any CPU
		{7BBFC841-5F25-4F02-B8DA-764FC70114D5}.Debug|Any CPU.ActiveCfg = Debug|Any CPU
		{7BBFC841-5F25-4F02-B8DA-764FC70114D5}.Debug|Any CPU.Build.0 = Debug|Any CPU
		{7BBFC841-5F25-4F02-B8DA-764FC70114D5}.Release|Any CPU.ActiveCfg = Release|Any CPU
		{7BBFC841-5F25-4F02-B8DA-764FC70114D5}.Release|Any CPU.Build.0 = Release|Any CPU
		{2099625C-F1ED-4535-AE18-5A57B3A8E538}.Debug|Any CPU.ActiveCfg = Debug|Any CPU
		{2099625C-F1ED-4535-AE18-5A57B3A8E538}.Debug|Any CPU.Build.0 = Debug|Any CPU
		{2099625C-F1ED-4535-AE18-5A57B3A8E538}.Release|Any CPU.ActiveCfg = Release|Any CPU
		{2099625C-F1ED-4535-AE18-5A57B3A8E538}.Release|Any CPU.Build.0 = Release|Any CPU
		{4B60A778-3910-4648-B138-23AEEE68C91F}.Debug|Any CPU.ActiveCfg = Debug|Any CPU
		{4B60A778-3910-4648-B138-23AEEE68C91F}.Debug|Any CPU.Build.0 = Debug|Any CPU
		{4B60A778-3910-4648-B138-23AEEE68C91F}.Release|Any CPU.ActiveCfg = Release|Any CPU
		{4B60A778-3910-4648-B138-23AEEE68C91F}.Release|Any CPU.Build.0 = Release|Any CPU
		{AB3DCA6D-D214-4951-B611-955B767D4423}.Debug|Any CPU.ActiveCfg = Debug|Any CPU
		{AB3DCA6D-D214-4951-B611-955B767D4423}.Debug|Any CPU.Build.0 = Debug|Any CPU
		{AB3DCA6D-D214-4951-B611-955B767D4423}.Release|Any CPU.ActiveCfg = Release|Any CPU
		{AB3DCA6D-D214-4951-B611-955B767D4423}.Release|Any CPU.Build.0 = Release|Any CPU
		{7A0B62A5-5D55-4ED0-BF74-D7E2A068C3B2}.Debug|Any CPU.ActiveCfg = Debug|Any CPU
		{7A0B62A5-5D55-4ED0-BF74-D7E2A068C3B2}.Debug|Any CPU.Build.0 = Debug|Any CPU
		{7A0B62A5-5D55-4ED0-BF74-D7E2A068C3B2}.Release|Any CPU.ActiveCfg = Release|Any CPU
		{7A0B62A5-5D55-4ED0-BF74-D7E2A068C3B2}.Release|Any CPU.Build.0 = Release|Any CPU
		{792DEF7F-22FC-4692-8BD9-05E2EF4CCF40}.Debug|Any CPU.ActiveCfg = Debug|Any CPU
		{792DEF7F-22FC-4692-8BD9-05E2EF4CCF40}.Debug|Any CPU.Build.0 = Debug|Any CPU
		{792DEF7F-22FC-4692-8BD9-05E2EF4CCF40}.Release|Any CPU.ActiveCfg = Release|Any CPU
		{792DEF7F-22FC-4692-8BD9-05E2EF4CCF40}.Release|Any CPU.Build.0 = Release|Any CPU
	EndGlobalSection
	GlobalSection(SolutionProperties) = preSolution
		HideSolutionNode = FALSE
	EndGlobalSection
	GlobalSection(NestedProjects) = preSolution
		{AAD121FD-5D91-4ACE-B507-B9192956DBFE} = {47AD24C5-BAE4-44A0-9A14-E96D6EE90EB0}
		{1B29C72C-2663-4755-BB48-CE6C95F90531} = {AAD121FD-5D91-4ACE-B507-B9192956DBFE}
		{50117155-A317-4471-9930-9233B87A02E3} = {1B29C72C-2663-4755-BB48-CE6C95F90531}
		{FC741E83-B762-41B5-B1F5-B6388C21C60E} = {E502E75D-EBCC-48BE-B8BB-FB1DF7956A63}
		{A1F6180C-1ACC-49EC-982F-66D156AABA29} = {FC741E83-B762-41B5-B1F5-B6388C21C60E}
		{748C61D7-5C8D-4065-AB1B-0339DAAA27D0} = {A1F6180C-1ACC-49EC-982F-66D156AABA29}
		{5094908C-836D-402D-8BE9-7CAD3FE9A53A} = {A1F6180C-1ACC-49EC-982F-66D156AABA29}
		{CDBBB61E-D524-4C83-B16C-42B17D95178D} = {A1F6180C-1ACC-49EC-982F-66D156AABA29}
		{7BBFC841-5F25-4F02-B8DA-764FC70114D5} = {A1F6180C-1ACC-49EC-982F-66D156AABA29}
		{2099625C-F1ED-4535-AE18-5A57B3A8E538} = {A1F6180C-1ACC-49EC-982F-66D156AABA29}
		{4B60A778-3910-4648-B138-23AEEE68C91F} = {A1F6180C-1ACC-49EC-982F-66D156AABA29}
		{AB3DCA6D-D214-4951-B611-955B767D4423} = {A1F6180C-1ACC-49EC-982F-66D156AABA29}
		{7A0B62A5-5D55-4ED0-BF74-D7E2A068C3B2} = {A1F6180C-1ACC-49EC-982F-66D156AABA29}
		{792DEF7F-22FC-4692-8BD9-05E2EF4CCF40} = {A1F6180C-1ACC-49EC-982F-66D156AABA29}
	EndGlobalSection
	GlobalSection(ExtensibilityGlobals) = postSolution
		SolutionGuid = {4212D35A-3455-4658-B369-E8D9FE0E6C42}
	EndGlobalSection
EndGlobal
