
Microsoft Visual Studio Solution File, Format Version 12.00
# Visual Studio Version 17
VisualStudioVersion = 17.0.32014.148
MinimumVisualStudioVersion = 10.0.40219.1
Project("{FAE04EC0-301F-11D3-BF4B-00C04F79EFBC}") = "MediatRSample", "MediatRSample.csproj", "{B6D108F7-0CF9-4B69-9DCC-81128FE72EFD}"
EndProject
Global
	GlobalSection(SolutionConfigurationPlatforms) = preSolution
		Debug|Any CPU = Debug|Any CPU
		Release|Any CPU = Release|Any CPU
	EndGlobalSection
	GlobalSection(ProjectConfigurationPlatforms) = postSolution
		{B6D108F7-0CF9-4B69-9DCC-81128FE72EFD}.Debug|Any CPU.ActiveCfg = Debug|Any CPU
		{B6D108F7-0CF9-4B69-9DCC-81128FE72EFD}.Debug|Any CPU.Build.0 = Debug|Any CPU
		{B6D108F7-0CF9-4B69-9DCC-81128FE72EFD}.Release|Any CPU.ActiveCfg = Release|Any CPU
		{B6D108F7-0CF9-4B69-9DCC-81128FE72EFD}.Release|Any CPU.Build.0 = Release|Any CPU
	EndGlobalSection
	GlobalSection(SolutionProperties) = preSolution
		HideSolutionNode = FALSE
	EndGlobalSection
	GlobalSection(ExtensibilityGlobals) = postSolution
		SolutionGuid = {6B6FD70F-C1A6-46B5-A858-2E50902DB917}
	EndGlobalSection
EndGlobal
