
Microsoft Visual Studio Solution File, Format Version 12.00
# Visual Studio Version 16
VisualStudioVersion = 16.0.30114.105
MinimumVisualStudioVersion = 10.0.40219.1
Project("{2150E333-8FDC-42A3-9474-1A3956D46DE8}") = "src", "src", "{9A16ABF8-B59E-4653-B206-60710542494D}"
EndProject
Project("{FAE04EC0-301F-11D3-BF4B-00C04F79EFBC}") = "IdentityServer", "src\IdentityServer\IdentityServer.csproj", "{334FEC86-2E2C-4E8B-B36B-7DC16DD468FA}"
EndProject
Project("{FAE04EC0-301F-11D3-BF4B-00C04F79EFBC}") = "Api", "src\Api\Api.csproj", "{AF0494E7-B801-4CD0-B625-2C64971AF4EB}"
EndProject
Project("{FAE04EC0-301F-11D3-BF4B-00C04F79EFBC}") = "Client", "src\Client\Client.csproj", "{2B89EF0C-531F-435A-8B8F-2E65F8CD48EB}"
EndProject
Global
	GlobalSection(SolutionConfigurationPlatforms) = preSolution
		Debug|Any CPU = Debug|Any CPU
		Release|Any CPU = Release|Any CPU
	EndGlobalSection
	GlobalSection(SolutionProperties) = preSolution
		HideSolutionNode = FALSE
	EndGlobalSection
	GlobalSection(ProjectConfigurationPlatforms) = postSolution
		{334FEC86-2E2C-4E8B-B36B-7DC16DD468FA}.Debug|Any CPU.ActiveCfg = Debug|Any CPU
		{334FEC86-2E2C-4E8B-B36B-7DC16DD468FA}.Debug|Any CPU.Build.0 = Debug|Any CPU
		{334FEC86-2E2C-4E8B-B36B-7DC16DD468FA}.Release|Any CPU.ActiveCfg = Release|Any CPU
		{334FEC86-2E2C-4E8B-B36B-7DC16DD468FA}.Release|Any CPU.Build.0 = Release|Any CPU
		{AF0494E7-B801-4CD0-B625-2C64971AF4EB}.Debug|Any CPU.ActiveCfg = Debug|Any CPU
		{AF0494E7-B801-4CD0-B625-2C64971AF4EB}.Debug|Any CPU.Build.0 = Debug|Any CPU
		{AF0494E7-B801-4CD0-B625-2C64971AF4EB}.Release|Any CPU.ActiveCfg = Release|Any CPU
		{AF0494E7-B801-4CD0-B625-2C64971AF4EB}.Release|Any CPU.Build.0 = Release|Any CPU
		{2B89EF0C-531F-435A-8B8F-2E65F8CD48EB}.Debug|Any CPU.ActiveCfg = Debug|Any CPU
		{2B89EF0C-531F-435A-8B8F-2E65F8CD48EB}.Debug|Any CPU.Build.0 = Debug|Any CPU
		{2B89EF0C-531F-435A-8B8F-2E65F8CD48EB}.Release|Any CPU.ActiveCfg = Release|Any CPU
		{2B89EF0C-531F-435A-8B8F-2E65F8CD48EB}.Release|Any CPU.Build.0 = Release|Any CPU
	EndGlobalSection
	GlobalSection(NestedProjects) = preSolution
		{334FEC86-2E2C-4E8B-B36B-7DC16DD468FA} = {9A16ABF8-B59E-4653-B206-60710542494D}
		{AF0494E7-B801-4CD0-B625-2C64971AF4EB} = {9A16ABF8-B59E-4653-B206-60710542494D}
		{2B89EF0C-531F-435A-8B8F-2E65F8CD48EB} = {9A16ABF8-B59E-4653-B206-60710542494D}
	EndGlobalSection
EndGlobal
