
Microsoft Visual Studio Solution File, Format Version 12.00
# Visual Studio Version 17
VisualStudioVersion = 17.0.31808.319
MinimumVisualStudioVersion = 10.0.40219.1
Project("{FAE04EC0-301F-11D3-BF4B-00C04F79EFBC}") = "DaprFrontEnd", "DaprFrontEnd\DaprFrontEnd.csproj", "{CDDA0ADF-81D3-4415-8D3D-88ED601E977F}"
EndProject
Project("{FAE04EC0-301F-11D3-BF4B-00C04F79EFBC}") = "DaprBackEnd", "DaprBackEnd\DaprBackEnd.csproj", "{B0ABBCE4-0F79-4647-87CC-BC34B12035F9}"
EndProject
Project("{E53339B2-1760-4266-BCC7-CA923CBCF16C}") = "docker-compose", "docker-compose.dcproj", "{0FB8D3DF-A79E-46B0-A73B-16E137356FB2}"
EndProject
Global
	GlobalSection(SolutionConfigurationPlatforms) = preSolution
		Debug|Any CPU = Debug|Any CPU
		Release|Any CPU = Release|Any CPU
	EndGlobalSection
	GlobalSection(ProjectConfigurationPlatforms) = postSolution
		{CDDA0ADF-81D3-4415-8D3D-88ED601E977F}.Debug|Any CPU.ActiveCfg = Debug|Any CPU
		{CDDA0ADF-81D3-4415-8D3D-88ED601E977F}.Debug|Any CPU.Build.0 = Debug|Any CPU
		{CDDA0ADF-81D3-4415-8D3D-88ED601E977F}.Release|Any CPU.ActiveCfg = Release|Any CPU
		{CDDA0ADF-81D3-4415-8D3D-88ED601E977F}.Release|Any CPU.Build.0 = Release|Any CPU
		{B0ABBCE4-0F79-4647-87CC-BC34B12035F9}.Debug|Any CPU.ActiveCfg = Debug|Any CPU
		{B0ABBCE4-0F79-4647-87CC-BC34B12035F9}.Debug|Any CPU.Build.0 = Debug|Any CPU
		{B0ABBCE4-0F79-4647-87CC-BC34B12035F9}.Release|Any CPU.ActiveCfg = Release|Any CPU
		{B0ABBCE4-0F79-4647-87CC-BC34B12035F9}.Release|Any CPU.Build.0 = Release|Any CPU
		{0FB8D3DF-A79E-46B0-A73B-16E137356FB2}.Debug|Any CPU.ActiveCfg = Debug|Any CPU
		{0FB8D3DF-A79E-46B0-A73B-16E137356FB2}.Debug|Any CPU.Build.0 = Debug|Any CPU
		{0FB8D3DF-A79E-46B0-A73B-16E137356FB2}.Release|Any CPU.ActiveCfg = Release|Any CPU
		{0FB8D3DF-A79E-46B0-A73B-16E137356FB2}.Release|Any CPU.Build.0 = Release|Any CPU
	EndGlobalSection
	GlobalSection(SolutionProperties) = preSolution
		HideSolutionNode = FALSE
	EndGlobalSection
	GlobalSection(ExtensibilityGlobals) = postSolution
		SolutionGuid = {C7CAAEEE-5C6A-49D4-8095-A867C95058D6}
	EndGlobalSection
EndGlobal
