
Microsoft Visual Studio Solution File, Format Version 12.00
Project("{2150E333-8FDC-42A3-9474-1A3956D46DE8}") = "IdentityServer4", "IdentityServer4", "{4400B465-14EC-45DA-8BE9-04D9222EB098}"
EndProject
Project("{FAE04EC0-301F-11D3-BF4B-00C04F79EFBC}") = "IdentityServerClient", "IdentityServerClient\IdentityServerClient.csproj", "{3637817B-E083-4AB2-8069-943C7F8072B1}"
EndProject
Project("{FAE04EC0-301F-11D3-BF4B-00C04F79EFBC}") = "IdentityServerCenter", "IdentityServerCenter\IdentityServerCenter.csproj", "{3D7FA0DD-47CD-43F6-B130-8D252846E797}"
EndProject
Project("{FAE04EC0-301F-11D3-BF4B-00C04F79EFBC}") = "IdentityServerApi", "IdentityServerApi\IdentityServerApi.csproj", "{93651399-A80F-400E-A88A-F2F0F4AAE99E}"
EndProject
Project("{2150E333-8FDC-42A3-9474-1A3956D46DE8}") = "HttpDemo", "HttpDemo", "{61183283-41B7-4B22-AF8A-DF68E04801A8}"
EndProject
Project("{FAE04EC0-301F-11D3-BF4B-00C04F79EFBC}") = "ConsoleApp1", "ConsoleApp1\ConsoleApp1.csproj", "{503994D9-D208-4C4E-BE77-34AEA79F7BE6}"
EndProject
Project("{2150E333-8FDC-42A3-9474-1A3956D46DE8}") = "DataStructure", "DataStructure", "{865B9504-BD0A-411E-A7D1-22B3BF0B3BA0}"
EndProject
Project("{FAE04EC0-301F-11D3-BF4B-00C04F79EFBC}") = "DataStructureDemo", "DataStructureDemo\DataStructureDemo.csproj", "{1C55EC83-BDF7-485D-A346-72F5F23C4DD8}"
EndProject
Project("{2150E333-8FDC-42A3-9474-1A3956D46DE8}") = "Netty", "Netty", "{7034F033-347A-4D4C-BBDF-7D57EC0CFD73}"
EndProject
Global
	GlobalSection(SolutionConfigurationPlatforms) = preSolution
		Debug|Any CPU = Debug|Any CPU
		Release|Any CPU = Release|Any CPU
	EndGlobalSection
	GlobalSection(NestedProjects) = preSolution
		{3637817B-E083-4AB2-8069-943C7F8072B1} = {4400B465-14EC-45DA-8BE9-04D9222EB098}
		{3D7FA0DD-47CD-43F6-B130-8D252846E797} = {4400B465-14EC-45DA-8BE9-04D9222EB098}
		{93651399-A80F-400E-A88A-F2F0F4AAE99E} = {4400B465-14EC-45DA-8BE9-04D9222EB098}
		{503994D9-D208-4C4E-BE77-34AEA79F7BE6} = {61183283-41B7-4B22-AF8A-DF68E04801A8}
		{1C55EC83-BDF7-485D-A346-72F5F23C4DD8} = {865B9504-BD0A-411E-A7D1-22B3BF0B3BA0}
	EndGlobalSection
	GlobalSection(ProjectConfigurationPlatforms) = postSolution
		{3637817B-E083-4AB2-8069-943C7F8072B1}.Debug|Any CPU.ActiveCfg = Debug|Any CPU
		{3637817B-E083-4AB2-8069-943C7F8072B1}.Debug|Any CPU.Build.0 = Debug|Any CPU
		{3637817B-E083-4AB2-8069-943C7F8072B1}.Release|Any CPU.ActiveCfg = Release|Any CPU
		{3637817B-E083-4AB2-8069-943C7F8072B1}.Release|Any CPU.Build.0 = Release|Any CPU
		{3D7FA0DD-47CD-43F6-B130-8D252846E797}.Debug|Any CPU.ActiveCfg = Debug|Any CPU
		{3D7FA0DD-47CD-43F6-B130-8D252846E797}.Debug|Any CPU.Build.0 = Debug|Any CPU
		{3D7FA0DD-47CD-43F6-B130-8D252846E797}.Release|Any CPU.ActiveCfg = Release|Any CPU
		{3D7FA0DD-47CD-43F6-B130-8D252846E797}.Release|Any CPU.Build.0 = Release|Any CPU
		{93651399-A80F-400E-A88A-F2F0F4AAE99E}.Debug|Any CPU.ActiveCfg = Debug|Any CPU
		{93651399-A80F-400E-A88A-F2F0F4AAE99E}.Debug|Any CPU.Build.0 = Debug|Any CPU
		{93651399-A80F-400E-A88A-F2F0F4AAE99E}.Release|Any CPU.ActiveCfg = Release|Any CPU
		{93651399-A80F-400E-A88A-F2F0F4AAE99E}.Release|Any CPU.Build.0 = Release|Any CPU
		{503994D9-D208-4C4E-BE77-34AEA79F7BE6}.Debug|Any CPU.ActiveCfg = Debug|Any CPU
		{503994D9-D208-4C4E-BE77-34AEA79F7BE6}.Debug|Any CPU.Build.0 = Debug|Any CPU
		{503994D9-D208-4C4E-BE77-34AEA79F7BE6}.Release|Any CPU.ActiveCfg = Release|Any CPU
		{503994D9-D208-4C4E-BE77-34AEA79F7BE6}.Release|Any CPU.Build.0 = Release|Any CPU
		{1C55EC83-BDF7-485D-A346-72F5F23C4DD8}.Debug|Any CPU.ActiveCfg = Debug|Any CPU
		{1C55EC83-BDF7-485D-A346-72F5F23C4DD8}.Debug|Any CPU.Build.0 = Debug|Any CPU
		{1C55EC83-BDF7-485D-A346-72F5F23C4DD8}.Release|Any CPU.ActiveCfg = Release|Any CPU
		{1C55EC83-BDF7-485D-A346-72F5F23C4DD8}.Release|Any CPU.Build.0 = Release|Any CPU
	EndGlobalSection
EndGlobal
