
Microsoft Visual Studio Solution File, Format Version 12.00
# Visual Studio Version 17
VisualStudioVersion = 17.0.32014.148
MinimumVisualStudioVersion = 10.0.40219.1
Project("{2150E333-8FDC-42A3-9474-1A3956D46DE8}") = "Dapper", "Dapper", "{3E866404-41E9-4791-A94C-4211C128B161}"
EndProject
Project("{2150E333-8FDC-42A3-9474-1A3956D46DE8}") = "EntityFrameworkCore", "EntityFrameworkCore", "{B655C993-C55E-4FC5-BBD8-069910385646}"
EndProject
Project("{FAE04EC0-301F-11D3-BF4B-00C04F79EFBC}") = "EFCoreSample", "EntityFrameworkCore\EFCoreSample\EFCoreSample.csproj", "{38C3A956-4AAB-4697-9204-525ED716D4B2}"
EndProject
Global
	GlobalSection(SolutionConfigurationPlatforms) = preSolution
		Debug|Any CPU = Debug|Any CPU
		Release|Any CPU = Release|Any CPU
	EndGlobalSection
	GlobalSection(ProjectConfigurationPlatforms) = postSolution
		{38C3A956-4AAB-4697-9204-525ED716D4B2}.Debug|Any CPU.ActiveCfg = Debug|Any CPU
		{38C3A956-4AAB-4697-9204-525ED716D4B2}.Debug|Any CPU.Build.0 = Debug|Any CPU
		{38C3A956-4AAB-4697-9204-525ED716D4B2}.Release|Any CPU.ActiveCfg = Release|Any CPU
		{38C3A956-4AAB-4697-9204-525ED716D4B2}.Release|Any CPU.Build.0 = Release|Any CPU
	EndGlobalSection
	GlobalSection(SolutionProperties) = preSolution
		HideSolutionNode = FALSE
	EndGlobalSection
	GlobalSection(NestedProjects) = preSolution
		{38C3A956-4AAB-4697-9204-525ED716D4B2} = {B655C993-C55E-4FC5-BBD8-069910385646}
	EndGlobalSection
	GlobalSection(ExtensibilityGlobals) = postSolution
		SolutionGuid = {D859ED8C-E0CC-4DAD-907E-A709E515695F}
	EndGlobalSection
EndGlobal
